<?xml version="1.0" encoding="utf-8"?>
<Project ToolsVersion="4.0" xmlns="http://schemas.microsoft.com/developer/msbuild/2003">
  <ItemGroup>
    <Filter Include="Source Files">
      <UniqueIdentifier>{b5ee41b3-a0ac-4bf2-a25c-d56ed0b93b1d}</UniqueIdentifier>
      <Extensions>cpp;c;cxx;rc;def;r;odl;idl;hpj;bat</Extensions>
    </Filter>
    <Filter Include="Header Files">
      <UniqueIdentifier>{2b46ed70-6d38-449a-a396-b09f23ec58c8}</UniqueIdentifier>
      <Extensions>h;hpp;hxx;hm;inl</Extensions>
    </Filter>
    <Filter Include="Resource Files">
      <UniqueIdentifier>{73588870-0063-41e9-88fe-a2ab53063748}</UniqueIdentifier>
      <Extensions>ico;cur;bmp;dlg;rc2;rct;bin;rgs;gif;jpg;jpeg;jpe</Extensions>
    </Filter>
  </ItemGroup>
  <ItemGroup>
    <ClCompile Include="src\addplayerdialog.cpp">
      <Filter>Source Files</Filter>
    </ClCompile>
    <ClCompile Include="src\AutoEdgeOutTool.cpp">
      <Filter>Source Files</Filter>
    </ClCompile>
    <ClCompile Include="src\BaseBuildProps.cpp">
      <Filter>Source Files</Filter>
    </ClCompile>
    <ClCompile Include="src\BlendEdgeTool.cpp">
      <Filter>Source Files</Filter>
    </ClCompile>
    <ClCompile Include="src\BlendMaterial.cpp">
      <Filter>Source Files</Filter>
    </ClCompile>
    <ClCompile Include="src\BorderTool.cpp">
      <Filter>Source Files</Filter>
    </ClCompile>
    <ClCompile Include="src\brushoptions.cpp">
      <Filter>Source Files</Filter>
    </ClCompile>
    <ClCompile Include="src\BrushTool.cpp">
      <Filter>Source Files</Filter>
    </ClCompile>
    <ClCompile Include="src\BuildList.cpp">
      <Filter>Source Files</Filter>
    </ClCompile>
    <ClCompile Include="src\BuildListTool.cpp">
      <Filter>Source Files</Filter>
    </ClCompile>
    <ClCompile Include="src\CameraOptions.cpp">
      <Filter>Source Files</Filter>
    </ClCompile>
    <ClCompile Include="src\CButtonShowColor.cpp">
      <Filter>Source Files</Filter>
    </ClCompile>
    <ClCompile Include="src\CellWidth.cpp">
      <Filter>Source Files</Filter>
    </ClCompile>
    <ClCompile Include="src\CFixTeamOwnerDialog.cpp">
      <Filter>Source Files</Filter>
    </ClCompile>
    <ClCompile Include="src\ContourOptions.cpp">
      <Filter>Source Files</Filter>
    </ClCompile>
    <ClCompile Include="src\CUndoable.cpp">
      <Filter>Source Files</Filter>
    </ClCompile>
    <ClCompile Include="src\DrawObject.cpp">
      <Filter>Source Files</Filter>
    </ClCompile>
    <ClCompile Include="src\EditAction.cpp">
      <Filter>Source Files</Filter>
    </ClCompile>
    <ClCompile Include="src\EditCondition.cpp">
      <Filter>Source Files</Filter>
    </ClCompile>
    <ClCompile Include="src\EditCoordParameter.cpp">
      <Filter>Source Files</Filter>
    </ClCompile>
    <ClCompile Include="src\EditGroup.cpp">
      <Filter>Source Files</Filter>
    </ClCompile>
    <ClCompile Include="src\EditObjectParameter.cpp">
      <Filter>Source Files</Filter>
    </ClCompile>
    <ClCompile Include="src\EditParameter.cpp">
      <Filter>Source Files</Filter>
    </ClCompile>
    <ClCompile Include="src\EulaDialog.cpp">
      <Filter>Source Files</Filter>
    </ClCompile>
    <ClCompile Include="src\ExportScriptsOptions.cpp">
      <Filter>Source Files</Filter>
    </ClCompile>
    <ClCompile Include="src\EyedropperTool.cpp">
      <Filter>Source Files</Filter>
    </ClCompile>
    <ClCompile Include="src\FeatherOptions.cpp">
      <Filter>Source Files</Filter>
    </ClCompile>
    <ClCompile Include="src\FeatherTool.cpp">
      <Filter>Source Files</Filter>
    </ClCompile>
    <ClCompile Include="src\FenceOptions.cpp">
      <Filter>Source Files</Filter>
    </ClCompile>
    <ClCompile Include="src\FenceTool.cpp">
      <Filter>Source Files</Filter>
    </ClCompile>
    <ClCompile Include="src\FloodFillTool.cpp">
      <Filter>Source Files</Filter>
    </ClCompile>
    <ClCompile Include="src\GlobalLightOptions.cpp">
      <Filter>Source Files</Filter>
    </ClCompile>
    <ClCompile Include="src\GroveOptions.cpp">
      <Filter>Source Files</Filter>
    </ClCompile>
    <ClCompile Include="src\GroveTool.cpp">
      <Filter>Source Files</Filter>
    </ClCompile>
    <ClCompile Include="src\HandScrollTool.cpp">
      <Filter>Source Files</Filter>
    </ClCompile>
    <ClCompile Include="src\ImpassableOptions.cpp">
      <Filter>Source Files</Filter>
    </ClCompile>
    <ClCompile Include="src\LayersList.cpp">
      <Filter>Source Files</Filter>
    </ClCompile>
    <ClCompile Include="src\LightOptions.cpp">
      <Filter>Source Files</Filter>
    </ClCompile>
    <ClCompile Include="src\MainFrm.cpp">
      <Filter>Source Files</Filter>
    </ClCompile>
    <ClCompile Include="src\mapobjectprops.cpp">
      <Filter>Source Files</Filter>
    </ClCompile>
    <ClCompile Include="src\MapPreview.cpp">
      <Filter>Source Files</Filter>
    </ClCompile>
    <ClCompile Include="src\MapSettings.cpp">
      <Filter>Source Files</Filter>
    </ClCompile>
    <ClCompile Include="src\MeshMoldOptions.cpp">
      <Filter>Source Files</Filter>
    </ClCompile>
    <ClCompile Include="src\MeshMoldTool.cpp">
      <Filter>Source Files</Filter>
    </ClCompile>
    <ClCompile Include="src\MoundOptions.cpp">
      <Filter>Source Files</Filter>
    </ClCompile>
    <ClCompile Include="src\MoundTool.cpp">
      <Filter>Source Files</Filter>
    </ClCompile>
    <ClCompile Include="src\MyToolbar.cpp">
      <Filter>Source Files</Filter>
    </ClCompile>
    <ClCompile Include="src\NewHeightMap.cpp">
      <Filter>Source Files</Filter>
    </ClCompile>
    <ClCompile Include="src\ObjectOptions.cpp">
      <Filter>Source Files</Filter>
    </ClCompile>
    <ClCompile Include="src\ObjectPreview.cpp">
      <Filter>Source Files</Filter>
    </ClCompile>
    <ClCompile Include="src\ObjectTool.cpp">
      <Filter>Source Files</Filter>
    </ClCompile>
    <ClCompile Include="src\OpenMap.cpp">
      <Filter>Source Files</Filter>
    </ClCompile>
    <ClCompile Include="src\OptionsPanel.cpp">
      <Filter>Source Files</Filter>
    </ClCompile>
    <ClCompile Include="src\PickUnitDialog.cpp">
      <Filter>Source Files</Filter>
    </ClCompile>
    <ClCompile Include="src\playerlistdlg.cpp">
      <Filter>Source Files</Filter>
    </ClCompile>
    <ClCompile Include="src\PointerTool.cpp">
      <Filter>Source Files</Filter>
    </ClCompile>
    <ClCompile Include="src\PolygonTool.cpp">
      <Filter>Source Files</Filter>
    </ClCompile>
    <ClCompile Include="src\propedit.cpp">
      <Filter>Source Files</Filter>
    </ClCompile>
    <ClCompile Include="src\RampOptions.cpp">
      <Filter>Source Files</Filter>
    </ClCompile>
    <ClCompile Include="src\RampTool.cpp">
      <Filter>Source Files</Filter>
    </ClCompile>
    <ClCompile Include="src\RoadOptions.cpp">
      <Filter>Source Files</Filter>
    </ClCompile>
    <ClCompile Include="src\RoadTool.cpp">
      <Filter>Source Files</Filter>
    </ClCompile>
    <ClCompile Include="src\RulerOptions.cpp">
      <Filter>Source Files</Filter>
    </ClCompile>
    <ClCompile Include="src\RulerTool.cpp">
      <Filter>Source Files</Filter>
    </ClCompile>
    <ClCompile Include="src\SaveMap.cpp">
      <Filter>Source Files</Filter>
    </ClCompile>
    <ClCompile Include="src\ScorchOptions.cpp">
      <Filter>Source Files</Filter>
    </ClCompile>
    <ClCompile Include="src\ScorchTool.cpp">
      <Filter>Source Files</Filter>
    </ClCompile>
    <ClCompile Include="src\ScriptActionsFalse.cpp">
      <Filter>Source Files</Filter>
    </ClCompile>
    <ClCompile Include="src\ScriptActionsTrue.cpp">
      <Filter>Source Files</Filter>
    </ClCompile>
    <ClCompile Include="src\ScriptConditions.cpp">
      <Filter>Source Files</Filter>
    </ClCompile>
    <ClCompile Include="src\ScriptDialog.cpp">
      <Filter>Source Files</Filter>
    </ClCompile>
    <ClCompile Include="src\ScriptProperties.cpp">
      <Filter>Source Files</Filter>
    </ClCompile>
    <ClCompile Include="src\SelectMacrotexture.cpp">
      <Filter>Source Files</Filter>
    </ClCompile>
    <ClCompile Include="src\ShadowOptions.cpp">
      <Filter>Source Files</Filter>
    </ClCompile>
    <ClCompile Include="src\SplashScreen.cpp">
      <Filter>Source Files</Filter>
    </ClCompile>
    <ClCompile Include="src\StdAfx.cpp">
      <Filter>Source Files</Filter>
    </ClCompile>
    <ClCompile Include="src\TeamBehavior.cpp">
      <Filter>Source Files</Filter>
    </ClCompile>
    <ClCompile Include="src\TeamGeneric.cpp">
      <Filter>Source Files</Filter>
    </ClCompile>
    <ClCompile Include="src\TeamIdentity.cpp">
      <Filter>Source Files</Filter>
    </ClCompile>
    <ClCompile Include="src\TeamObjectProperties.cpp">
      <Filter>Source Files</Filter>
    </ClCompile>
    <ClCompile Include="src\TeamReinforcement.cpp">
      <Filter>Source Files</Filter>
    </ClCompile>
    <ClCompile Include="src\teamsdialog.cpp">
      <Filter>Source Files</Filter>
    </ClCompile>
    <ClCompile Include="src\TerrainMaterial.cpp">
      <Filter>Source Files</Filter>
    </ClCompile>
    <ClCompile Include="src\TerrainModal.cpp">
      <Filter>Source Files</Filter>
    </ClCompile>
    <ClCompile Include="src\TerrainSwatches.cpp">
      <Filter>Source Files</Filter>
    </ClCompile>
    <ClCompile Include="src\TileTool.cpp">
      <Filter>Source Files</Filter>
    </ClCompile>
    <ClCompile Include="src\Tool.cpp">
      <Filter>Source Files</Filter>
    </ClCompile>
    <ClCompile Include="src\WaterOptions.cpp">
      <Filter>Source Files</Filter>
    </ClCompile>
    <ClCompile Include="src\WaterTool.cpp">
      <Filter>Source Files</Filter>
    </ClCompile>
    <ClCompile Include="src\WaypointOptions.cpp">
      <Filter>Source Files</Filter>
    </ClCompile>
    <ClCompile Include="src\WaypointTool.cpp">
      <Filter>Source Files</Filter>
    </ClCompile>
    <ClCompile Include="src\WBFrameWnd.cpp">
      <Filter>Source Files</Filter>
    </ClCompile>
    <ClCompile Include="src\WBHeightMap.cpp">
      <Filter>Source Files</Filter>
    </ClCompile>
    <ClCompile Include="src\WBPopupSlider.cpp">
      <Filter>Source Files</Filter>
    </ClCompile>
    <ClCompile Include="src\wbview.cpp">
      <Filter>Source Files</Filter>
    </ClCompile>
    <ClCompile Include="src\wbview3d.cpp">
      <Filter>Source Files</Filter>
    </ClCompile>
    <ClCompile Include="src\WHeightMapEdit.cpp">
      <Filter>Source Files</Filter>
    </ClCompile>
    <ClCompile Include="src\WorldBuilder.cpp">
      <Filter>Source Files</Filter>
    </ClCompile>
    <ClCompile Include="src\WorldBuilderDoc.cpp">
      <Filter>Source Files</Filter>
    </ClCompile>
    <ClCompile Include="src\WorldBuilderView.cpp">
      <Filter>Source Files</Filter>
    </ClCompile>
  </ItemGroup>
  <ItemGroup>
    <ClInclude Include="include\addplayerdialog.h">
      <Filter>Header Files</Filter>
    </ClInclude>
    <ClInclude Include="include\AutoEdgeOutTool.h">
      <Filter>Header Files</Filter>
    </ClInclude>
    <ClInclude Include="include\BaseBuildProps.h">
      <Filter>Header Files</Filter>
    </ClInclude>
    <ClInclude Include="include\BlendEdgeTool.h">
      <Filter>Header Files</Filter>
    </ClInclude>
    <ClInclude Include="include\BlendMaterial.h">
      <Filter>Header Files</Filter>
    </ClInclude>
    <ClInclude Include="include\BorderTool.h">
      <Filter>Header Files</Filter>
    </ClInclude>
    <ClInclude Include="include\brushoptions.h">
      <Filter>Header Files</Filter>
    </ClInclude>
    <ClInclude Include="include\BrushTool.h">
      <Filter>Header Files</Filter>
    </ClInclude>
    <ClInclude Include="include\BuildList.h">
      <Filter>Header Files</Filter>
    </ClInclude>
    <ClInclude Include="include\BuildListTool.h">
      <Filter>Header Files</Filter>
    </ClInclude>
    <ClInclude Include="include\CameraOptions.h">
      <Filter>Header Files</Filter>
    </ClInclude>
    <ClInclude Include="src\CButtonShowColor.h">
      <Filter>Header Files</Filter>
    </ClInclude>
    <ClInclude Include="include\CellWidth.h">
      <Filter>Header Files</Filter>
    </ClInclude>
    <ClInclude Include="include\CFixTeamOwnerDialog.h">
      <Filter>Header Files</Filter>
    </ClInclude>
    <ClInclude Include="include\ContourOptions.h">
      <Filter>Header Files</Filter>
    </ClInclude>
    <ClInclude Include="include\CUndoable.h">
      <Filter>Header Files</Filter>
    </ClInclude>
    <ClInclude Include="include\DrawObject.h">
      <Filter>Header Files</Filter>
    </ClInclude>
    <ClInclude Include="include\EditAction.h">
      <Filter>Header Files</Filter>
    </ClInclude>
    <ClInclude Include="include\EditCondition.h">
      <Filter>Header Files</Filter>
    </ClInclude>
    <ClInclude Include="include\EditCoordParameter.h">
      <Filter>Header Files</Filter>
    </ClInclude>
    <ClInclude Include="include\EditGroup.h">
      <Filter>Header Files</Filter>
    </ClInclude>
    <ClInclude Include="include\EditObjectParameter.h">
      <Filter>Header Files</Filter>
    </ClInclude>
    <ClInclude Include="include\EditParameter.h">
      <Filter>Header Files</Filter>
    </ClInclude>
    <ClInclude Include="include\euladialog.h">
      <Filter>Header Files</Filter>
    </ClInclude>
    <ClInclude Include="include\ExportScriptsOptions.h">
      <Filter>Header Files</Filter>
    </ClInclude>
    <ClInclude Include="include\EyedropperTool.h">
      <Filter>Header Files</Filter>
    </ClInclude>
    <ClInclude Include="include\FeatherOptions.h">
      <Filter>Header Files</Filter>
    </ClInclude>
    <ClInclude Include="include\FeatherTool.h">
      <Filter>Header Files</Filter>
    </ClInclude>
    <ClInclude Include="include\FenceOptions.h">
      <Filter>Header Files</Filter>
    </ClInclude>
    <ClInclude Include="include\FenceTool.h">
      <Filter>Header Files</Filter>
    </ClInclude>
    <ClInclude Include="include\FloodFillTool.h">
      <Filter>Header Files</Filter>
    </ClInclude>
    <ClInclude Include="include\GlobalLightOptions.h">
      <Filter>Header Files</Filter>
    </ClInclude>
    <ClInclude Include="include\GroveOptions.h">
      <Filter>Header Files</Filter>
    </ClInclude>
    <ClInclude Include="include\GroveTool.h">
      <Filter>Header Files</Filter>
    </ClInclude>
    <ClInclude Include="include\HandScrollTool.h">
      <Filter>Header Files</Filter>
    </ClInclude>
    <ClInclude Include="include\ImpassableOptions.h">
      <Filter>Header Files</Filter>
    </ClInclude>
    <ClInclude Include="include\LayersList.h">
      <Filter>Header Files</Filter>
    </ClInclude>
    <ClInclude Include="include\LightOptions.h">
      <Filter>Header Files</Filter>
    </ClInclude>
    <ClInclude Include="include\MainFrm.h">
      <Filter>Header Files</Filter>
    </ClInclude>
    <ClInclude Include="..\..\gameengine\Include\Common\MapObject.h">
      <Filter>Header Files</Filter>
    </ClInclude>
    <ClInclude Include="include\mapobjectprops.h">
      <Filter>Header Files</Filter>
    </ClInclude>
    <ClInclude Include="include\MapPreview.h">
      <Filter>Header Files</Filter>
    </ClInclude>
    <ClInclude Include="include\MapSettings.h">
      <Filter>Header Files</Filter>
    </ClInclude>
    <ClInclude Include="include\MeshMoldOptions.h">
      <Filter>Header Files</Filter>
    </ClInclude>
    <ClInclude Include="include\MeshMoldTool.h">
      <Filter>Header Files</Filter>
    </ClInclude>
    <ClInclude Include="include\MoundOptions.h">
      <Filter>Header Files</Filter>
    </ClInclude>
    <ClInclude Include="include\MoundTool.h">
      <Filter>Header Files</Filter>
    </ClInclude>
    <ClInclude Include="include\MyToolbar.h">
      <Filter>Header Files</Filter>
    </ClInclude>
    <ClInclude Include="include\NewHeightMap.h">
      <Filter>Header Files</Filter>
    </ClInclude>
    <ClInclude Include="include\ObjectOptions.h">
      <Filter>Header Files</Filter>
    </ClInclude>
    <ClInclude Include="include\ObjectPreview.h">
      <Filter>Header Files</Filter>
    </ClInclude>
    <ClInclude Include="include\ObjectTool.h">
      <Filter>Header Files</Filter>
    </ClInclude>
    <ClInclude Include="include\OpenMap.h">
      <Filter>Header Files</Filter>
    </ClInclude>
    <ClInclude Include="include\OptionsPanel.h">
      <Filter>Header Files</Filter>
    </ClInclude>
    <ClInclude Include="include\PickUnitDialog.h">
      <Filter>Header Files</Filter>
    </ClInclude>
    <ClInclude Include="include\playerlistdlg.h">
      <Filter>Header Files</Filter>
    </ClInclude>
    <ClInclude Include="include\PointerTool.h">
      <Filter>Header Files</Filter>
    </ClInclude>
    <ClInclude Include="include\PolygonTool.h">
      <Filter>Header Files</Filter>
    </ClInclude>
    <ClInclude Include="include\propedit.h">
      <Filter>Header Files</Filter>
    </ClInclude>
    <ClInclude Include="include\RampOptions.h">
      <Filter>Header Files</Filter>
    </ClInclude>
    <ClInclude Include="include\RampTool.h">
      <Filter>Header Files</Filter>
    </ClInclude>
    <ClInclude Include="include\RoadOptions.h">
      <Filter>Header Files</Filter>
    </ClInclude>
    <ClInclude Include="include\RoadTool.h">
      <Filter>Header Files</Filter>
    </ClInclude>
    <ClInclude Include="include\RulerOptions.h">
      <Filter>Header Files</Filter>
    </ClInclude>
    <ClInclude Include="include\RulerTool.h">
      <Filter>Header Files</Filter>
    </ClInclude>
    <ClInclude Include="include\SaveMap.h">
      <Filter>Header Files</Filter>
    </ClInclude>
    <ClInclude Include="include\ScorchOptions.h">
      <Filter>Header Files</Filter>
    </ClInclude>
    <ClInclude Include="include\ScorchTool.h">
      <Filter>Header Files</Filter>
    </ClInclude>
    <ClInclude Include="include\ScriptActionsFalse.h">
      <Filter>Header Files</Filter>
    </ClInclude>
    <ClInclude Include="include\ScriptActionsTrue.h">
      <Filter>Header Files</Filter>
    </ClInclude>
    <ClInclude Include="include\ScriptConditions.h">
      <Filter>Header Files</Filter>
    </ClInclude>
    <ClInclude Include="include\ScriptDialog.h">
      <Filter>Header Files</Filter>
    </ClInclude>
    <ClInclude Include="include\ScriptProperties.h">
      <Filter>Header Files</Filter>
    </ClInclude>
    <ClInclude Include="include\SelectMacrotexture.h">
      <Filter>Header Files</Filter>
    </ClInclude>
    <ClInclude Include="include\ShadowOptions.h">
      <Filter>Header Files</Filter>
    </ClInclude>
    <ClInclude Include="include\SplashScreen.h">
      <Filter>Header Files</Filter>
    </ClInclude>
    <ClInclude Include="include\StdAfx.h">
      <Filter>Header Files</Filter>
    </ClInclude>
    <ClInclude Include="include\TeamBehavior.h">
      <Filter>Header Files</Filter>
    </ClInclude>
    <ClInclude Include="include\TeamGeneric.h">
      <Filter>Header Files</Filter>
    </ClInclude>
    <ClInclude Include="include\TeamIdentity.h">
      <Filter>Header Files</Filter>
    </ClInclude>
    <ClInclude Include="include\TeamReinforcement.h">
      <Filter>Header Files</Filter>
    </ClInclude>
    <ClInclude Include="include\teamsdialog.h">
      <Filter>Header Files</Filter>
    </ClInclude>
    <ClInclude Include="include\terrainmaterial.h">
      <Filter>Header Files</Filter>
    </ClInclude>
    <ClInclude Include="include\TerrainModal.h">
      <Filter>Header Files</Filter>
    </ClInclude>
    <ClInclude Include="include\TerrainSwatches.h">
      <Filter>Header Files</Filter>
    </ClInclude>
    <ClInclude Include="include\TileTool.h">
      <Filter>Header Files</Filter>
    </ClInclude>
    <ClInclude Include="include\Tool.h">
      <Filter>Header Files</Filter>
    </ClInclude>
    <ClInclude Include="include\WaterOptions.h">
      <Filter>Header Files</Filter>
    </ClInclude>
    <ClInclude Include="include\WaterTool.h">
      <Filter>Header Files</Filter>
    </ClInclude>
    <ClInclude Include="include\WaypointOptions.h">
      <Filter>Header Files</Filter>
    </ClInclude>
    <ClInclude Include="include\WaypointTool.h">
      <Filter>Header Files</Filter>
    </ClInclude>
    <ClInclude Include="include\WBFrameWnd.h">
      <Filter>Header Files</Filter>
    </ClInclude>
    <ClInclude Include="include\WBHeightMap.h">
      <Filter>Header Files</Filter>
    </ClInclude>
    <ClInclude Include="include\wbview.h">
      <Filter>Header Files</Filter>
    </ClInclude>
    <ClInclude Include="include\wbview3d.h">
      <Filter>Header Files</Filter>
    </ClInclude>
    <ClInclude Include="include\WHeightMapEdit.h">
      <Filter>Header Files</Filter>
    </ClInclude>
    <ClInclude Include="include\WorldBuilder.h">
      <Filter>Header Files</Filter>
    </ClInclude>
    <ClInclude Include="include\WorldBuilderDoc.h">
      <Filter>Header Files</Filter>
    </ClInclude>
    <ClInclude Include="include\WorldBuilderView.h">
      <Filter>Header Files</Filter>
    </ClInclude>
    <ClInclude Include="res\resource.h">
      <Filter>Resource Files</Filter>
    </ClInclude>
  </ItemGroup>
  <ItemGroup>
    <Image Include="res\folder.bmp">
      <Filter>Resource Files</Filter>
    </Image>
    <Image Include="res\foldersc.bmp">
      <Filter>Resource Files</Filter>
    </Image>
    <Image Include="res\IDB_DownArrow.bmp">
      <Filter>Resource Files</Filter>
    </Image>
    <Image Include="res\IDB_ROAD_CORNERS.bmp">
      <Filter>Resource Files</Filter>
    </Image>
    <Image Include="res\IDI_Hide.ico">
      <Filter>Resource Files</Filter>
    </Image>
    <Image Include="res\IDI_Show.ico">
      <Filter>Resource Files</Filter>
    </Image>
    <Image Include="res\IDI_Thumb.ico">
      <Filter>Resource Files</Filter>
    </Image>
    <Image Include="res\Toolbar.bmp">
      <Filter>Resource Files</Filter>
    </Image>
    <Image Include="res\toolbar1.bmp">
      <Filter>Resource Files</Filter>
    </Image>
    <Image Include="res\toolbar2.bmp">
      <Filter>Resource Files</Filter>
    </Image>
    <Image Include="res\WorldBuilder.bmp">
      <Filter>Resource Files</Filter>
    </Image>
    <Image Include="res\WorldBuilder.ico">
      <Filter>Resource Files</Filter>
    </Image>
    <Image Include="res\WorldBuilderDoc.ico">
      <Filter>Resource Files</Filter>
    </Image>
  </ItemGroup>
  <ItemGroup>
    <ResourceCompile Include="res\WorldBuilder.rc">
      <Filter>Resource Files</Filter>
    </ResourceCompile>
  </ItemGroup>
  <ItemGroup>
    <CustomBuild Include="res\cross.cur">
      <Filter>Resource Files</Filter>
    </CustomBuild>
    <CustomBuild Include="res\IDC_AUTO_EDGE_OUT.cur">
      <Filter>Resource Files</Filter>
    </CustomBuild>
    <CustomBuild Include="res\IDC_BLEND_EDGE.cur">
      <Filter>Resource Files</Filter>
    </CustomBuild>
    <CustomBuild Include="res\IDC_BUILD_LIST_TOOL.cur">
      <Filter>Resource Files</Filter>
    </CustomBuild>
    <CustomBuild Include="res\IDC_BUILD_MOVE.cur">
      <Filter>Resource Files</Filter>
    </CustomBuild>
    <CustomBuild Include="res\IDC_BUILD_POINTER.cur">
      <Filter>Resource Files</Filter>
    </CustomBuild>
    <CustomBuild Include="res\IDC_BUILD_ROTATE.cur">
      <Filter>Resource Files</Filter>
    </CustomBuild>
    <CustomBuild Include="res\IDC_CLIFF.cur">
      <Filter>Resource Files</Filter>
    </CustomBuild>
    <CustomBuild Include="res\IDC_EYEDROPPER.cur">
      <Filter>Resource Files</Filter>
    </CustomBuild>
    <CustomBuild Include="res\IDC_FENCE.cur">
      <Filter>Resource Files</Filter>
    </CustomBuild>
    <CustomBuild Include="res\IDC_FLOOD_FILL.cur">
      <Filter>Resource Files</Filter>
    </CustomBuild>
    <CustomBuild Include="res\IDC_GROVE.cur">
      <Filter>Resource Files</Filter>
    </CustomBuild>
    <CustomBuild Include="res\IDC_HAND_SCROLL.cur">
      <Filter>Resource Files</Filter>
    </CustomBuild>
    <CustomBuild Include="res\IDC_MOLD_POINTER.cur">
      <Filter>Resource Files</Filter>
    </CustomBuild>
    <CustomBuild Include="res\IDC_MOVE_POINTER.cur">
      <Filter>Resource Files</Filter>
    </CustomBuild>
    <CustomBuild Include="res\IDC_PLACE_OBJECT.cur">
      <Filter>Resource Files</Filter>
    </CustomBuild>
    <CustomBuild Include="res\IDC_POINTER.cur">
      <Filter>Resource Files</Filter>
    </CustomBuild>
    <CustomBuild Include="res\IDC_POLYGON.cur">
      <Filter>Resource Files</Filter>
    </CustomBuild>
    <CustomBuild Include="res\IDC_POLYGON_MOVE.cur">
      <Filter>Resource Files</Filter>
    </CustomBuild>
    <CustomBuild Include="res\IDC_POLYGON_PLUS.cur">
      <Filter>Resource Files</Filter>
    </CustomBuild>
    <CustomBuild Include="res\IDC_RAMP.cur">
      <Filter>Resource Files</Filter>
    </CustomBuild>
    <CustomBuild Include="res\IDC_ROAD.cur">
      <Filter>Resource Files</Filter>
    </CustomBuild>
    <CustomBuild Include="res\IDC_ROTATE.cur">
      <Filter>Resource Files</Filter>
    </CustomBuild>
    <CustomBuild Include="res\IDC_Scorch.cur">
      <Filter>Resource Files</Filter>
    </CustomBuild>
    <CustomBuild Include="res\IDC_WATER.cur">
      <Filter>Resource Files</Filter>
    </CustomBuild>
    <CustomBuild Include="res\IDC_WATER_MOVE.cur">
      <Filter>Resource Files</Filter>
    </CustomBuild>
    <CustomBuild Include="res\IDC_WATER_PLUS.cur">
      <Filter>Resource Files</Filter>
    </CustomBuild>
    <CustomBuild Include="res\IDC_WAYPOINT.cur">
      <Filter>Resource Files</Filter>
    </CustomBuild>
    <CustomBuild Include="res\TileTool.cur">
      <Filter>Resource Files</Filter>
    </CustomBuild>
    <CustomBuild Include="res\WorldBuilder.rc2">
      <Filter>Resource Files</Filter>
    </CustomBuild>
  </ItemGroup>
</Project>