<?xml version="1.0" encoding="utf-8"?>
<Project ToolsVersion="4.0" xmlns="http://schemas.microsoft.com/developer/msbuild/2003">
  <ItemGroup>
    <Filter Include="Source Files">
      <UniqueIdentifier>{480166e6-e566-44c3-9aba-79c6bb19ad05}</UniqueIdentifier>
      <Extensions>cpp;c;cxx;rc;def;r;odl;idl;hpj;bat</Extensions>
    </Filter>
    <Filter Include="Header Files">
      <UniqueIdentifier>{b483482b-744a-4db8-bf58-a5c192060439}</UniqueIdentifier>
      <Extensions>h;hpp;hxx;hm;inl</Extensions>
    </Filter>
    <Filter Include="Resource Files">
      <UniqueIdentifier>{b82934b8-c6eb-4dc4-885a-40b569871cba}</UniqueIdentifier>
      <Extensions>ico;cur;bmp;dlg;rc2;rct;bin;rgs;gif;jpg;jpeg;jpe</Extensions>
    </Filter>
  </ItemGroup>
  <ItemGroup>
    <ClCompile Include="..\BFISH.CPP">
      <Filter>Source Files</Filter>
    </ClCompile>
    <ClCompile Include="DatGen.cpp">
      <Filter>Source Files</Filter>
    </ClCompile>
    <ClCompile Include="..\Toolkit\Debug\DebugPrint.cpp">
      <Filter>Source Files</Filter>
    </ClCompile>
  </ItemGroup>
  <ItemGroup>
    <ClInclude Include="..\BFISH.H">
      <Filter>Header Files</Filter>
    </ClInclude>
    <ClInclude Include="..\SafeDisk\CdaPfn.h">
      <Filter>Header Files</Filter>
    </ClInclude>
    <ClInclude Include="..\Toolkit\Debug\DebugPrint.h">
      <Filter>Header Files</Filter>
    </ClInclude>
  </ItemGroup>
</Project>