
Microsoft Visual Studio Solution File, Format Version 12.00
# Visual Studio Version 16
VisualStudioVersion = 16.0.31624.102
MinimumVisualStudioVersion = 10.0.40219.1
Project("{8BC9CEB8-8B4A-11D0-8D11-00A0C91BC942}") = "Benchmark", "LIBRARIES\Source\Benchmark\Benchmark.vcxproj", "{1AB110EC-6226-41E8-A86C-A197A1514A9D}"
EndProject
Project("{8BC9CEB8-8B4A-11D0-8D11-00A0C91BC942}") = "CRCDiff", "Tools\CRCDiff\CRCDiff.vcxproj", "{3DBC1E85-995A-4733-8D1A-AD7275D815BF}"
EndProject
Project("{8BC9CEB8-8B4A-11D0-8D11-00A0C91BC942}") = "Compression", "Libraries\Source\Compression\Compression.vcxproj", "{414A2E45-30CA-4667-A298-5D021F4F4BBB}"
EndProject
Project("{8BC9CEB8-8B4A-11D0-8D11-00A0C91BC942}") = "DatGen", "Tools\Launcher\DatGen\DatGen.vcxproj", "{6122B144-BC35-4447-BCF3-15C831D45AF1}"
EndProject
Project("{8BC9CEB8-8B4A-11D0-8D11-00A0C91BC942}") = "DebugWindow", "Tools\DebugWindow\DebugWindow.vcxproj", "{36AE6D64-3C50-4562-BE9E-4758C65F6B8B}"
EndProject
Project("{8BC9CEB8-8B4A-11D0-8D11-00A0C91BC942}") = "EABrowserDispatch", "Libraries\Source\EABrowserDispatch\EABrowserDispatch.vcxproj", "{F8B1C90C-76CD-4316-917E-7F5DD31B1F58}"
EndProject
Project("{8BC9CEB8-8B4A-11D0-8D11-00A0C91BC942}") = "GUIEdit", "Tools\GUIEdit\GUIEdit.vcxproj", "{1EC6118E-393D-4455-BC3B-5C564D21217E}"
EndProject
Project("{8BC9CEB8-8B4A-11D0-8D11-00A0C91BC942}") = "GameEngine", "GameEngine\GameEngine.vcxproj", "{91CD701F-3F22-4234-839B-4E1142AC79BE}"
EndProject
Project("{8BC9CEB8-8B4A-11D0-8D11-00A0C91BC942}") = "GameEngineDevice", "GameEngineDevice\GameEngineDevice.vcxproj", "{CE58B89E-800B-424A-8BC6-70C779D51450}"
EndProject
Project("{059D6162-CD51-11D0-AE1F-00A0C90FFFC3}") = "GameSpyHTTP", "Libraries\Source\GameSpy\GameSpy\ghttp\GameSpyHTTP.dsp", "{CCDC117F-403C-4845-AF80-836C6C02EF47}"
EndProject
Project("{059D6162-CD51-11D0-AE1F-00A0C90FFFC3}") = "GameSpyPatching", "Libraries\Source\GameSpy\GameSpy\pt\GameSpyPatching.dsp", "{BE36D5C5-A140-41CF-90D6-C4EF1171F24F}"
EndProject
Project("{059D6162-CD51-11D0-AE1F-00A0C90FFFC3}") = "GameSpyPeer", "Libraries\Source\GameSpy\GameSpy\peer\GameSpyPeer.dsp", "{6C97B8F1-369B-410F-99D9-96C2065DF5D1}"
EndProject
Project("{059D6162-CD51-11D0-AE1F-00A0C90FFFC3}") = "GameSpyPresence", "Libraries\Source\GameSpy\GameSpy\gp\GameSpyPresence.dsp", "{923D3EB2-CF1E-48B9-98B4-8742D30B391C}"
EndProject
Project("{059D6162-CD51-11D0-AE1F-00A0C90FFFC3}") = "GameSpyStats", "Libraries\Source\GameSpy\GameSpy\gstats\GameSpyStats.dsp", "{96091312-62B3-4AE4-8EB8-B6883E2E8985}"
EndProject
Project("{8BC9CEB8-8B4A-11D0-8D11-00A0C91BC942}") = "ImagePacker", "Tools\ImagePacker\ImagePacker.vcxproj", "{33B81010-D3E9-48D5-8E06-B74F5A67B0E1}"
EndProject
Project("{8BC9CEB8-8B4A-11D0-8D11-00A0C91BC942}") = "MapCacheBuilder", "Tools\MapCacheBuilder\MapCacheBuilder.vcxproj", "{0BFAE231-8BCD-4263-B017-725FB4ED4ED3}"
EndProject
Project("{8BC9CEB8-8B4A-11D0-8D11-00A0C91BC942}") = "ParticleEditor", "Tools\ParticleEditor\ParticleEditor.vcxproj", "{2CD6CBF0-B9D1-42FE-B21D-2C31BC2D1638}"
EndProject
Project("{8BC9CEB8-8B4A-11D0-8D11-00A0C91BC942}") = "RTS", "RTS.vcxproj", "{22A4EFAC-71D9-49CA-90B4-4CEE8A7F8189}"
EndProject
Project("{8BC9CEB8-8B4A-11D0-8D11-00A0C91BC942}") = "WWDownload", "Libraries\Source\WWVegas\WWDownload\WWDownload.vcxproj", "{274EE77F-98A1-4038-A1E1-0AC2C6EECCE2}"
EndProject
Project("{8BC9CEB8-8B4A-11D0-8D11-00A0C91BC942}") = "WorldBuilder", "Tools\WorldBuilder\WorldBuilder.vcxproj", "{1030545B-2CF8-4F65-8095-3259BE4B6672}"
EndProject
Project("{8BC9CEB8-8B4A-11D0-8D11-00A0C91BC942}") = "assetcull", "Tools\assetcull\assetcull.vcxproj", "{2661A822-FEDF-4169-AF0E-3ED9EDAADBBD}"
EndProject
Project("{8BC9CEB8-8B4A-11D0-8D11-00A0C91BC942}") = "buildVersionUpdate", "Tools\buildVersionUpdate\buildVersionUpdate.vcxproj", "{5BA2992D-EA84-4139-A6E5-84920B0C4816}"
EndProject
Project("{8BC9CEB8-8B4A-11D0-8D11-00A0C91BC942}") = "debug", "Libraries\Source\debug\debug.vcxproj", "{1AE71163-6881-41E6-AA88-4DC0D47D1A08}"
EndProject
Project("{8BC9CEB8-8B4A-11D0-8D11-00A0C91BC942}") = "launcher", "Tools\Launcher\launcher.vcxproj", "{F92F97A4-1AF4-428B-9419-6BFC8C997319}"
EndProject
Project("{8BC9CEB8-8B4A-11D0-8D11-00A0C91BC942}") = "patchgrabber", "Tools\PATCHGET\patchgrabber.vcxproj", "{63FCCE41-E0C6-4EEC-A45F-18FDF4C7FC41}"
EndProject
Project("{8BC9CEB8-8B4A-11D0-8D11-00A0C91BC942}") = "profile", "Libraries\Source\profile\profile.vcxproj", "{7A5B440E-506B-4C50-94DD-DE8B699412D9}"
EndProject
Project("{8BC9CEB8-8B4A-11D0-8D11-00A0C91BC942}") = "versionUpdate", "Tools\versionUpdate\versionUpdate.vcxproj", "{F227E08B-8E58-47B3-BA83-3C15A07D926E}"
EndProject
Project("{8BC9CEB8-8B4A-11D0-8D11-00A0C91BC942}") = "ww3d2", "Libraries\Source\WWVegas\WW3D2\ww3d2.vcxproj", "{C577A160-ACC0-41B1-879C-7654B2C0640B}"
EndProject
Project("{8BC9CEB8-8B4A-11D0-8D11-00A0C91BC942}") = "wwdebug", "Libraries\Source\WWVegas\WWDebug\wwdebug.vcxproj", "{A0C4EA9C-DC07-437E-9CA7-FE8F1A0E51A6}"
EndProject
Project("{8BC9CEB8-8B4A-11D0-8D11-00A0C91BC942}") = "wwlib", "Libraries\Source\WWVegas\WWLib\wwlib.vcxproj", "{3FCA442E-3344-44D8-A7DB-12D99A4EEB74}"
EndProject
Project("{8BC9CEB8-8B4A-11D0-8D11-00A0C91BC942}") = "wwmath", "Libraries\Source\WWVegas\WWMath\wwmath.vcxproj", "{5CB1320C-6FAE-4A1A-B96D-6C226C59A165}"
EndProject
Project("{8BC9CEB8-8B4A-11D0-8D11-00A0C91BC942}") = "wwsaveload", "Libraries\Source\WWVegas\WWSaveLoad\wwsaveload.vcxproj", "{0FE5197D-4076-4063-AAB6-6AA6CE7ECDC2}"
EndProject
Project("{8BC9CEB8-8B4A-11D0-8D11-00A0C91BC942}") = "wwshade", "Libraries\Source\WWVegas\wwshade\wwshade.vcxproj", "{9AF6C7F8-8A46-42D7-A2AF-F1660B680E9B}"
EndProject
Project("{8BC9CEB8-8B4A-11D0-8D11-00A0C91BC942}") = "wwutil", "Libraries\Source\WWVegas\Wwutil\wwutil.vcxproj", "{1B1C1D06-CBD5-4833-A60A-ECF52E8E5CE6}"
EndProject
Global
	GlobalSection(SolutionConfigurationPlatforms) = preSolution
		Debug|x86 = Debug|x86
		DebugE|x86 = DebugE|x86
		DebugW3D|x86 = DebugW3D|x86
		French|x86 = French|x86
		German|x86 = German|x86
		Internal|x86 = Internal|x86
		Profile|x86 = Profile|x86
		ProfileE|x86 = ProfileE|x86
		Release|x86 = Release|x86
		Spanish|x86 = Spanish|x86
		Template|x86 = Template|x86
	EndGlobalSection
	GlobalSection(ProjectConfigurationPlatforms) = postSolution
		{1AB110EC-6226-41E8-A86C-A197A1514A9D}.Debug|x86.ActiveCfg = Debug|Win32
		{1AB110EC-6226-41E8-A86C-A197A1514A9D}.Debug|x86.Build.0 = Debug|Win32
		{1AB110EC-6226-41E8-A86C-A197A1514A9D}.DebugE|x86.ActiveCfg = Debug|Win32
		{1AB110EC-6226-41E8-A86C-A197A1514A9D}.DebugE|x86.Build.0 = Debug|Win32
		{1AB110EC-6226-41E8-A86C-A197A1514A9D}.DebugW3D|x86.ActiveCfg = Debug|Win32
		{1AB110EC-6226-41E8-A86C-A197A1514A9D}.DebugW3D|x86.Build.0 = Debug|Win32
		{1AB110EC-6226-41E8-A86C-A197A1514A9D}.French|x86.ActiveCfg = Debug|Win32
		{1AB110EC-6226-41E8-A86C-A197A1514A9D}.French|x86.Build.0 = Debug|Win32
		{1AB110EC-6226-41E8-A86C-A197A1514A9D}.German|x86.ActiveCfg = Debug|Win32
		{1AB110EC-6226-41E8-A86C-A197A1514A9D}.German|x86.Build.0 = Debug|Win32
		{1AB110EC-6226-41E8-A86C-A197A1514A9D}.Internal|x86.ActiveCfg = Debug|Win32
		{1AB110EC-6226-41E8-A86C-A197A1514A9D}.Internal|x86.Build.0 = Debug|Win32
		{1AB110EC-6226-41E8-A86C-A197A1514A9D}.Profile|x86.ActiveCfg = Debug|Win32
		{1AB110EC-6226-41E8-A86C-A197A1514A9D}.Profile|x86.Build.0 = Debug|Win32
		{1AB110EC-6226-41E8-A86C-A197A1514A9D}.ProfileE|x86.ActiveCfg = Debug|Win32
		{1AB110EC-6226-41E8-A86C-A197A1514A9D}.ProfileE|x86.Build.0 = Debug|Win32
		{1AB110EC-6226-41E8-A86C-A197A1514A9D}.Release|x86.ActiveCfg = Release|Win32
		{1AB110EC-6226-41E8-A86C-A197A1514A9D}.Release|x86.Build.0 = Release|Win32
		{1AB110EC-6226-41E8-A86C-A197A1514A9D}.Spanish|x86.ActiveCfg = Debug|Win32
		{1AB110EC-6226-41E8-A86C-A197A1514A9D}.Spanish|x86.Build.0 = Debug|Win32
		{1AB110EC-6226-41E8-A86C-A197A1514A9D}.Template|x86.ActiveCfg = Debug|Win32
		{1AB110EC-6226-41E8-A86C-A197A1514A9D}.Template|x86.Build.0 = Debug|Win32
		{3DBC1E85-995A-4733-8D1A-AD7275D815BF}.Debug|x86.ActiveCfg = Debug|Win32
		{3DBC1E85-995A-4733-8D1A-AD7275D815BF}.Debug|x86.Build.0 = Debug|Win32
		{3DBC1E85-995A-4733-8D1A-AD7275D815BF}.DebugE|x86.ActiveCfg = Debug|Win32
		{3DBC1E85-995A-4733-8D1A-AD7275D815BF}.DebugE|x86.Build.0 = Debug|Win32
		{3DBC1E85-995A-4733-8D1A-AD7275D815BF}.DebugW3D|x86.ActiveCfg = Debug|Win32
		{3DBC1E85-995A-4733-8D1A-AD7275D815BF}.DebugW3D|x86.Build.0 = Debug|Win32
		{3DBC1E85-995A-4733-8D1A-AD7275D815BF}.French|x86.ActiveCfg = Debug|Win32
		{3DBC1E85-995A-4733-8D1A-AD7275D815BF}.French|x86.Build.0 = Debug|Win32
		{3DBC1E85-995A-4733-8D1A-AD7275D815BF}.German|x86.ActiveCfg = Debug|Win32
		{3DBC1E85-995A-4733-8D1A-AD7275D815BF}.German|x86.Build.0 = Debug|Win32
		{3DBC1E85-995A-4733-8D1A-AD7275D815BF}.Internal|x86.ActiveCfg = Debug|Win32
		{3DBC1E85-995A-4733-8D1A-AD7275D815BF}.Internal|x86.Build.0 = Debug|Win32
		{3DBC1E85-995A-4733-8D1A-AD7275D815BF}.Profile|x86.ActiveCfg = Debug|Win32
		{3DBC1E85-995A-4733-8D1A-AD7275D815BF}.Profile|x86.Build.0 = Debug|Win32
		{3DBC1E85-995A-4733-8D1A-AD7275D815BF}.ProfileE|x86.ActiveCfg = Debug|Win32
		{3DBC1E85-995A-4733-8D1A-AD7275D815BF}.ProfileE|x86.Build.0 = Debug|Win32
		{3DBC1E85-995A-4733-8D1A-AD7275D815BF}.Release|x86.ActiveCfg = Release|Win32
		{3DBC1E85-995A-4733-8D1A-AD7275D815BF}.Release|x86.Build.0 = Release|Win32
		{3DBC1E85-995A-4733-8D1A-AD7275D815BF}.Spanish|x86.ActiveCfg = Debug|Win32
		{3DBC1E85-995A-4733-8D1A-AD7275D815BF}.Spanish|x86.Build.0 = Debug|Win32
		{3DBC1E85-995A-4733-8D1A-AD7275D815BF}.Template|x86.ActiveCfg = Template|Win32
		{3DBC1E85-995A-4733-8D1A-AD7275D815BF}.Template|x86.Build.0 = Template|Win32
		{414A2E45-30CA-4667-A298-5D021F4F4BBB}.Debug|x86.ActiveCfg = Debug|Win32
		{414A2E45-30CA-4667-A298-5D021F4F4BBB}.Debug|x86.Build.0 = Debug|Win32
		{414A2E45-30CA-4667-A298-5D021F4F4BBB}.DebugE|x86.ActiveCfg = Debug|Win32
		{414A2E45-30CA-4667-A298-5D021F4F4BBB}.DebugE|x86.Build.0 = Debug|Win32
		{414A2E45-30CA-4667-A298-5D021F4F4BBB}.DebugW3D|x86.ActiveCfg = Debug|Win32
		{414A2E45-30CA-4667-A298-5D021F4F4BBB}.DebugW3D|x86.Build.0 = Debug|Win32
		{414A2E45-30CA-4667-A298-5D021F4F4BBB}.French|x86.ActiveCfg = Debug|Win32
		{414A2E45-30CA-4667-A298-5D021F4F4BBB}.French|x86.Build.0 = Debug|Win32
		{414A2E45-30CA-4667-A298-5D021F4F4BBB}.German|x86.ActiveCfg = Debug|Win32
		{414A2E45-30CA-4667-A298-5D021F4F4BBB}.German|x86.Build.0 = Debug|Win32
		{414A2E45-30CA-4667-A298-5D021F4F4BBB}.Internal|x86.ActiveCfg = Internal|Win32
		{414A2E45-30CA-4667-A298-5D021F4F4BBB}.Internal|x86.Build.0 = Internal|Win32
		{414A2E45-30CA-4667-A298-5D021F4F4BBB}.Profile|x86.ActiveCfg = Debug|Win32
		{414A2E45-30CA-4667-A298-5D021F4F4BBB}.Profile|x86.Build.0 = Debug|Win32
		{414A2E45-30CA-4667-A298-5D021F4F4BBB}.ProfileE|x86.ActiveCfg = Debug|Win32
		{414A2E45-30CA-4667-A298-5D021F4F4BBB}.ProfileE|x86.Build.0 = Debug|Win32
		{414A2E45-30CA-4667-A298-5D021F4F4BBB}.Release|x86.ActiveCfg = Release|Win32
		{414A2E45-30CA-4667-A298-5D021F4F4BBB}.Release|x86.Build.0 = Release|Win32
		{414A2E45-30CA-4667-A298-5D021F4F4BBB}.Spanish|x86.ActiveCfg = Debug|Win32
		{414A2E45-30CA-4667-A298-5D021F4F4BBB}.Spanish|x86.Build.0 = Debug|Win32
		{414A2E45-30CA-4667-A298-5D021F4F4BBB}.Template|x86.ActiveCfg = Template|Win32
		{414A2E45-30CA-4667-A298-5D021F4F4BBB}.Template|x86.Build.0 = Template|Win32
		{6122B144-BC35-4447-BCF3-15C831D45AF1}.Debug|x86.ActiveCfg = Debug|Win32
		{6122B144-BC35-4447-BCF3-15C831D45AF1}.Debug|x86.Build.0 = Debug|Win32
		{6122B144-BC35-4447-BCF3-15C831D45AF1}.DebugE|x86.ActiveCfg = Debug|Win32
		{6122B144-BC35-4447-BCF3-15C831D45AF1}.DebugE|x86.Build.0 = Debug|Win32
		{6122B144-BC35-4447-BCF3-15C831D45AF1}.DebugW3D|x86.ActiveCfg = Debug|Win32
		{6122B144-BC35-4447-BCF3-15C831D45AF1}.DebugW3D|x86.Build.0 = Debug|Win32
		{6122B144-BC35-4447-BCF3-15C831D45AF1}.French|x86.ActiveCfg = Debug|Win32
		{6122B144-BC35-4447-BCF3-15C831D45AF1}.French|x86.Build.0 = Debug|Win32
		{6122B144-BC35-4447-BCF3-15C831D45AF1}.German|x86.ActiveCfg = Debug|Win32
		{6122B144-BC35-4447-BCF3-15C831D45AF1}.German|x86.Build.0 = Debug|Win32
		{6122B144-BC35-4447-BCF3-15C831D45AF1}.Internal|x86.ActiveCfg = Debug|Win32
		{6122B144-BC35-4447-BCF3-15C831D45AF1}.Internal|x86.Build.0 = Debug|Win32
		{6122B144-BC35-4447-BCF3-15C831D45AF1}.Profile|x86.ActiveCfg = Debug|Win32
		{6122B144-BC35-4447-BCF3-15C831D45AF1}.Profile|x86.Build.0 = Debug|Win32
		{6122B144-BC35-4447-BCF3-15C831D45AF1}.ProfileE|x86.ActiveCfg = Debug|Win32
		{6122B144-BC35-4447-BCF3-15C831D45AF1}.ProfileE|x86.Build.0 = Debug|Win32
		{6122B144-BC35-4447-BCF3-15C831D45AF1}.Release|x86.ActiveCfg = Release|Win32
		{6122B144-BC35-4447-BCF3-15C831D45AF1}.Release|x86.Build.0 = Release|Win32
		{6122B144-BC35-4447-BCF3-15C831D45AF1}.Spanish|x86.ActiveCfg = Debug|Win32
		{6122B144-BC35-4447-BCF3-15C831D45AF1}.Spanish|x86.Build.0 = Debug|Win32
		{6122B144-BC35-4447-BCF3-15C831D45AF1}.Template|x86.ActiveCfg = Template|Win32
		{6122B144-BC35-4447-BCF3-15C831D45AF1}.Template|x86.Build.0 = Template|Win32
		{36AE6D64-3C50-4562-BE9E-4758C65F6B8B}.Debug|x86.ActiveCfg = Debug|Win32
		{36AE6D64-3C50-4562-BE9E-4758C65F6B8B}.Debug|x86.Build.0 = Debug|Win32
		{36AE6D64-3C50-4562-BE9E-4758C65F6B8B}.DebugE|x86.ActiveCfg = Debug|Win32
		{36AE6D64-3C50-4562-BE9E-4758C65F6B8B}.DebugE|x86.Build.0 = Debug|Win32
		{36AE6D64-3C50-4562-BE9E-4758C65F6B8B}.DebugW3D|x86.ActiveCfg = Debug|Win32
		{36AE6D64-3C50-4562-BE9E-4758C65F6B8B}.DebugW3D|x86.Build.0 = Debug|Win32
		{36AE6D64-3C50-4562-BE9E-4758C65F6B8B}.French|x86.ActiveCfg = Debug|Win32
		{36AE6D64-3C50-4562-BE9E-4758C65F6B8B}.French|x86.Build.0 = Debug|Win32
		{36AE6D64-3C50-4562-BE9E-4758C65F6B8B}.German|x86.ActiveCfg = Debug|Win32
		{36AE6D64-3C50-4562-BE9E-4758C65F6B8B}.German|x86.Build.0 = Debug|Win32
		{36AE6D64-3C50-4562-BE9E-4758C65F6B8B}.Internal|x86.ActiveCfg = Debug|Win32
		{36AE6D64-3C50-4562-BE9E-4758C65F6B8B}.Internal|x86.Build.0 = Debug|Win32
		{36AE6D64-3C50-4562-BE9E-4758C65F6B8B}.Profile|x86.ActiveCfg = Debug|Win32
		{36AE6D64-3C50-4562-BE9E-4758C65F6B8B}.Profile|x86.Build.0 = Debug|Win32
		{36AE6D64-3C50-4562-BE9E-4758C65F6B8B}.ProfileE|x86.ActiveCfg = Debug|Win32
		{36AE6D64-3C50-4562-BE9E-4758C65F6B8B}.ProfileE|x86.Build.0 = Debug|Win32
		{36AE6D64-3C50-4562-BE9E-4758C65F6B8B}.Release|x86.ActiveCfg = Release|Win32
		{36AE6D64-3C50-4562-BE9E-4758C65F6B8B}.Release|x86.Build.0 = Release|Win32
		{36AE6D64-3C50-4562-BE9E-4758C65F6B8B}.Spanish|x86.ActiveCfg = Debug|Win32
		{36AE6D64-3C50-4562-BE9E-4758C65F6B8B}.Spanish|x86.Build.0 = Debug|Win32
		{36AE6D64-3C50-4562-BE9E-4758C65F6B8B}.Template|x86.ActiveCfg = Template|Win32
		{36AE6D64-3C50-4562-BE9E-4758C65F6B8B}.Template|x86.Build.0 = Template|Win32
		{F8B1C90C-76CD-4316-917E-7F5DD31B1F58}.Debug|x86.ActiveCfg = Debug|Win32
		{F8B1C90C-76CD-4316-917E-7F5DD31B1F58}.Debug|x86.Build.0 = Debug|Win32
		{F8B1C90C-76CD-4316-917E-7F5DD31B1F58}.DebugE|x86.ActiveCfg = Debug|Win32
		{F8B1C90C-76CD-4316-917E-7F5DD31B1F58}.DebugE|x86.Build.0 = Debug|Win32
		{F8B1C90C-76CD-4316-917E-7F5DD31B1F58}.DebugW3D|x86.ActiveCfg = Debug|Win32
		{F8B1C90C-76CD-4316-917E-7F5DD31B1F58}.DebugW3D|x86.Build.0 = Debug|Win32
		{F8B1C90C-76CD-4316-917E-7F5DD31B1F58}.French|x86.ActiveCfg = Debug|Win32
		{F8B1C90C-76CD-4316-917E-7F5DD31B1F58}.French|x86.Build.0 = Debug|Win32
		{F8B1C90C-76CD-4316-917E-7F5DD31B1F58}.German|x86.ActiveCfg = Debug|Win32
		{F8B1C90C-76CD-4316-917E-7F5DD31B1F58}.German|x86.Build.0 = Debug|Win32
		{F8B1C90C-76CD-4316-917E-7F5DD31B1F58}.Internal|x86.ActiveCfg = Internal|Win32
		{F8B1C90C-76CD-4316-917E-7F5DD31B1F58}.Internal|x86.Build.0 = Internal|Win32
		{F8B1C90C-76CD-4316-917E-7F5DD31B1F58}.Profile|x86.ActiveCfg = Debug|Win32
		{F8B1C90C-76CD-4316-917E-7F5DD31B1F58}.Profile|x86.Build.0 = Debug|Win32
		{F8B1C90C-76CD-4316-917E-7F5DD31B1F58}.ProfileE|x86.ActiveCfg = Debug|Win32
		{F8B1C90C-76CD-4316-917E-7F5DD31B1F58}.ProfileE|x86.Build.0 = Debug|Win32
		{F8B1C90C-76CD-4316-917E-7F5DD31B1F58}.Release|x86.ActiveCfg = Release|Win32
		{F8B1C90C-76CD-4316-917E-7F5DD31B1F58}.Release|x86.Build.0 = Release|Win32
		{F8B1C90C-76CD-4316-917E-7F5DD31B1F58}.Spanish|x86.ActiveCfg = Debug|Win32
		{F8B1C90C-76CD-4316-917E-7F5DD31B1F58}.Spanish|x86.Build.0 = Debug|Win32
		{F8B1C90C-76CD-4316-917E-7F5DD31B1F58}.Template|x86.ActiveCfg = Template|Win32
		{F8B1C90C-76CD-4316-917E-7F5DD31B1F58}.Template|x86.Build.0 = Template|Win32
		{1EC6118E-393D-4455-BC3B-5C564D21217E}.Debug|x86.ActiveCfg = Debug|Win32
		{1EC6118E-393D-4455-BC3B-5C564D21217E}.Debug|x86.Build.0 = Debug|Win32
		{1EC6118E-393D-4455-BC3B-5C564D21217E}.DebugE|x86.ActiveCfg = Debug|Win32
		{1EC6118E-393D-4455-BC3B-5C564D21217E}.DebugE|x86.Build.0 = Debug|Win32
		{1EC6118E-393D-4455-BC3B-5C564D21217E}.DebugW3D|x86.ActiveCfg = Debug|Win32
		{1EC6118E-393D-4455-BC3B-5C564D21217E}.DebugW3D|x86.Build.0 = Debug|Win32
		{1EC6118E-393D-4455-BC3B-5C564D21217E}.French|x86.ActiveCfg = Debug|Win32
		{1EC6118E-393D-4455-BC3B-5C564D21217E}.French|x86.Build.0 = Debug|Win32
		{1EC6118E-393D-4455-BC3B-5C564D21217E}.German|x86.ActiveCfg = Debug|Win32
		{1EC6118E-393D-4455-BC3B-5C564D21217E}.German|x86.Build.0 = Debug|Win32
		{1EC6118E-393D-4455-BC3B-5C564D21217E}.Internal|x86.ActiveCfg = Internal|Win32
		{1EC6118E-393D-4455-BC3B-5C564D21217E}.Internal|x86.Build.0 = Internal|Win32
		{1EC6118E-393D-4455-BC3B-5C564D21217E}.Profile|x86.ActiveCfg = Debug|Win32
		{1EC6118E-393D-4455-BC3B-5C564D21217E}.Profile|x86.Build.0 = Debug|Win32
		{1EC6118E-393D-4455-BC3B-5C564D21217E}.ProfileE|x86.ActiveCfg = Debug|Win32
		{1EC6118E-393D-4455-BC3B-5C564D21217E}.ProfileE|x86.Build.0 = Debug|Win32
		{1EC6118E-393D-4455-BC3B-5C564D21217E}.Release|x86.ActiveCfg = Release|Win32
		{1EC6118E-393D-4455-BC3B-5C564D21217E}.Release|x86.Build.0 = Release|Win32
		{1EC6118E-393D-4455-BC3B-5C564D21217E}.Spanish|x86.ActiveCfg = Debug|Win32
		{1EC6118E-393D-4455-BC3B-5C564D21217E}.Spanish|x86.Build.0 = Debug|Win32
		{1EC6118E-393D-4455-BC3B-5C564D21217E}.Template|x86.ActiveCfg = Template|Win32
		{1EC6118E-393D-4455-BC3B-5C564D21217E}.Template|x86.Build.0 = Template|Win32
		{91CD701F-3F22-4234-839B-4E1142AC79BE}.Debug|x86.ActiveCfg = Debug|Win32
		{91CD701F-3F22-4234-839B-4E1142AC79BE}.Debug|x86.Build.0 = Debug|Win32
		{91CD701F-3F22-4234-839B-4E1142AC79BE}.DebugE|x86.ActiveCfg = Debug|Win32
		{91CD701F-3F22-4234-839B-4E1142AC79BE}.DebugE|x86.Build.0 = Debug|Win32
		{91CD701F-3F22-4234-839B-4E1142AC79BE}.DebugW3D|x86.ActiveCfg = Debug|Win32
		{91CD701F-3F22-4234-839B-4E1142AC79BE}.DebugW3D|x86.Build.0 = Debug|Win32
		{91CD701F-3F22-4234-839B-4E1142AC79BE}.French|x86.ActiveCfg = Debug|Win32
		{91CD701F-3F22-4234-839B-4E1142AC79BE}.French|x86.Build.0 = Debug|Win32
		{91CD701F-3F22-4234-839B-4E1142AC79BE}.German|x86.ActiveCfg = Debug|Win32
		{91CD701F-3F22-4234-839B-4E1142AC79BE}.German|x86.Build.0 = Debug|Win32
		{91CD701F-3F22-4234-839B-4E1142AC79BE}.Internal|x86.ActiveCfg = Internal|Win32
		{91CD701F-3F22-4234-839B-4E1142AC79BE}.Internal|x86.Build.0 = Internal|Win32
		{91CD701F-3F22-4234-839B-4E1142AC79BE}.Profile|x86.ActiveCfg = Profile|Win32
		{91CD701F-3F22-4234-839B-4E1142AC79BE}.Profile|x86.Build.0 = Profile|Win32
		{91CD701F-3F22-4234-839B-4E1142AC79BE}.ProfileE|x86.ActiveCfg = Profile|Win32
		{91CD701F-3F22-4234-839B-4E1142AC79BE}.ProfileE|x86.Build.0 = Profile|Win32
		{91CD701F-3F22-4234-839B-4E1142AC79BE}.Release|x86.ActiveCfg = Release|Win32
		{91CD701F-3F22-4234-839B-4E1142AC79BE}.Release|x86.Build.0 = Release|Win32
		{91CD701F-3F22-4234-839B-4E1142AC79BE}.Spanish|x86.ActiveCfg = Debug|Win32
		{91CD701F-3F22-4234-839B-4E1142AC79BE}.Spanish|x86.Build.0 = Debug|Win32
		{91CD701F-3F22-4234-839B-4E1142AC79BE}.Template|x86.ActiveCfg = Template|Win32
		{91CD701F-3F22-4234-839B-4E1142AC79BE}.Template|x86.Build.0 = Template|Win32
		{CE58B89E-800B-424A-8BC6-70C779D51450}.Debug|x86.ActiveCfg = Debug|Win32
		{CE58B89E-800B-424A-8BC6-70C779D51450}.Debug|x86.Build.0 = Debug|Win32
		{CE58B89E-800B-424A-8BC6-70C779D51450}.DebugE|x86.ActiveCfg = Debug|Win32
		{CE58B89E-800B-424A-8BC6-70C779D51450}.DebugE|x86.Build.0 = Debug|Win32
		{CE58B89E-800B-424A-8BC6-70C779D51450}.DebugW3D|x86.ActiveCfg = Debug|Win32
		{CE58B89E-800B-424A-8BC6-70C779D51450}.DebugW3D|x86.Build.0 = Debug|Win32
		{CE58B89E-800B-424A-8BC6-70C779D51450}.French|x86.ActiveCfg = Debug|Win32
		{CE58B89E-800B-424A-8BC6-70C779D51450}.French|x86.Build.0 = Debug|Win32
		{CE58B89E-800B-424A-8BC6-70C779D51450}.German|x86.ActiveCfg = Debug|Win32
		{CE58B89E-800B-424A-8BC6-70C779D51450}.German|x86.Build.0 = Debug|Win32
		{CE58B89E-800B-424A-8BC6-70C779D51450}.Internal|x86.ActiveCfg = Internal|Win32
		{CE58B89E-800B-424A-8BC6-70C779D51450}.Internal|x86.Build.0 = Internal|Win32
		{CE58B89E-800B-424A-8BC6-70C779D51450}.Profile|x86.ActiveCfg = Profile|Win32
		{CE58B89E-800B-424A-8BC6-70C779D51450}.Profile|x86.Build.0 = Profile|Win32
		{CE58B89E-800B-424A-8BC6-70C779D51450}.ProfileE|x86.ActiveCfg = Profile|Win32
		{CE58B89E-800B-424A-8BC6-70C779D51450}.ProfileE|x86.Build.0 = Profile|Win32
		{CE58B89E-800B-424A-8BC6-70C779D51450}.Release|x86.ActiveCfg = Release|Win32
		{CE58B89E-800B-424A-8BC6-70C779D51450}.Release|x86.Build.0 = Release|Win32
		{CE58B89E-800B-424A-8BC6-70C779D51450}.Spanish|x86.ActiveCfg = Debug|Win32
		{CE58B89E-800B-424A-8BC6-70C779D51450}.Spanish|x86.Build.0 = Debug|Win32
		{CE58B89E-800B-424A-8BC6-70C779D51450}.Template|x86.ActiveCfg = Template|Win32
		{CE58B89E-800B-424A-8BC6-70C779D51450}.Template|x86.Build.0 = Template|Win32
		{33B81010-D3E9-48D5-8E06-B74F5A67B0E1}.Debug|x86.ActiveCfg = Debug|Win32
		{33B81010-D3E9-48D5-8E06-B74F5A67B0E1}.Debug|x86.Build.0 = Debug|Win32
		{33B81010-D3E9-48D5-8E06-B74F5A67B0E1}.DebugE|x86.ActiveCfg = Debug|Win32
		{33B81010-D3E9-48D5-8E06-B74F5A67B0E1}.DebugE|x86.Build.0 = Debug|Win32
		{33B81010-D3E9-48D5-8E06-B74F5A67B0E1}.DebugW3D|x86.ActiveCfg = Debug|Win32
		{33B81010-D3E9-48D5-8E06-B74F5A67B0E1}.DebugW3D|x86.Build.0 = Debug|Win32
		{33B81010-D3E9-48D5-8E06-B74F5A67B0E1}.French|x86.ActiveCfg = Debug|Win32
		{33B81010-D3E9-48D5-8E06-B74F5A67B0E1}.French|x86.Build.0 = Debug|Win32
		{33B81010-D3E9-48D5-8E06-B74F5A67B0E1}.German|x86.ActiveCfg = Debug|Win32
		{33B81010-D3E9-48D5-8E06-B74F5A67B0E1}.German|x86.Build.0 = Debug|Win32
		{33B81010-D3E9-48D5-8E06-B74F5A67B0E1}.Internal|x86.ActiveCfg = Internal|Win32
		{33B81010-D3E9-48D5-8E06-B74F5A67B0E1}.Internal|x86.Build.0 = Internal|Win32
		{33B81010-D3E9-48D5-8E06-B74F5A67B0E1}.Profile|x86.ActiveCfg = Debug|Win32
		{33B81010-D3E9-48D5-8E06-B74F5A67B0E1}.Profile|x86.Build.0 = Debug|Win32
		{33B81010-D3E9-48D5-8E06-B74F5A67B0E1}.ProfileE|x86.ActiveCfg = Debug|Win32
		{33B81010-D3E9-48D5-8E06-B74F5A67B0E1}.ProfileE|x86.Build.0 = Debug|Win32
		{33B81010-D3E9-48D5-8E06-B74F5A67B0E1}.Release|x86.ActiveCfg = Release|Win32
		{33B81010-D3E9-48D5-8E06-B74F5A67B0E1}.Release|x86.Build.0 = Release|Win32
		{33B81010-D3E9-48D5-8E06-B74F5A67B0E1}.Spanish|x86.ActiveCfg = Debug|Win32
		{33B81010-D3E9-48D5-8E06-B74F5A67B0E1}.Spanish|x86.Build.0 = Debug|Win32
		{33B81010-D3E9-48D5-8E06-B74F5A67B0E1}.Template|x86.ActiveCfg = Template|Win32
		{33B81010-D3E9-48D5-8E06-B74F5A67B0E1}.Template|x86.Build.0 = Template|Win32
		{0BFAE231-8BCD-4263-B017-725FB4ED4ED3}.Debug|x86.ActiveCfg = Debug|Win32
		{0BFAE231-8BCD-4263-B017-725FB4ED4ED3}.Debug|x86.Build.0 = Debug|Win32
		{0BFAE231-8BCD-4263-B017-725FB4ED4ED3}.DebugE|x86.ActiveCfg = Debug|Win32
		{0BFAE231-8BCD-4263-B017-725FB4ED4ED3}.DebugE|x86.Build.0 = Debug|Win32
		{0BFAE231-8BCD-4263-B017-725FB4ED4ED3}.DebugW3D|x86.ActiveCfg = Debug|Win32
		{0BFAE231-8BCD-4263-B017-725FB4ED4ED3}.DebugW3D|x86.Build.0 = Debug|Win32
		{0BFAE231-8BCD-4263-B017-725FB4ED4ED3}.French|x86.ActiveCfg = Debug|Win32
		{0BFAE231-8BCD-4263-B017-725FB4ED4ED3}.French|x86.Build.0 = Debug|Win32
		{0BFAE231-8BCD-4263-B017-725FB4ED4ED3}.German|x86.ActiveCfg = Debug|Win32
		{0BFAE231-8BCD-4263-B017-725FB4ED4ED3}.German|x86.Build.0 = Debug|Win32
		{0BFAE231-8BCD-4263-B017-725FB4ED4ED3}.Internal|x86.ActiveCfg = Internal|Win32
		{0BFAE231-8BCD-4263-B017-725FB4ED4ED3}.Internal|x86.Build.0 = Internal|Win32
		{0BFAE231-8BCD-4263-B017-725FB4ED4ED3}.Profile|x86.ActiveCfg = Debug|Win32
		{0BFAE231-8BCD-4263-B017-725FB4ED4ED3}.Profile|x86.Build.0 = Debug|Win32
		{0BFAE231-8BCD-4263-B017-725FB4ED4ED3}.ProfileE|x86.ActiveCfg = Debug|Win32
		{0BFAE231-8BCD-4263-B017-725FB4ED4ED3}.ProfileE|x86.Build.0 = Debug|Win32
		{0BFAE231-8BCD-4263-B017-725FB4ED4ED3}.Release|x86.ActiveCfg = Release|Win32
		{0BFAE231-8BCD-4263-B017-725FB4ED4ED3}.Release|x86.Build.0 = Release|Win32
		{0BFAE231-8BCD-4263-B017-725FB4ED4ED3}.Spanish|x86.ActiveCfg = Debug|Win32
		{0BFAE231-8BCD-4263-B017-725FB4ED4ED3}.Spanish|x86.Build.0 = Debug|Win32
		{0BFAE231-8BCD-4263-B017-725FB4ED4ED3}.Template|x86.ActiveCfg = Template|Win32
		{0BFAE231-8BCD-4263-B017-725FB4ED4ED3}.Template|x86.Build.0 = Template|Win32
		{2CD6CBF0-B9D1-42FE-B21D-2C31BC2D1638}.Debug|x86.ActiveCfg = Debug|Win32
		{2CD6CBF0-B9D1-42FE-B21D-2C31BC2D1638}.Debug|x86.Build.0 = Debug|Win32
		{2CD6CBF0-B9D1-42FE-B21D-2C31BC2D1638}.DebugE|x86.ActiveCfg = Debug|Win32
		{2CD6CBF0-B9D1-42FE-B21D-2C31BC2D1638}.DebugE|x86.Build.0 = Debug|Win32
		{2CD6CBF0-B9D1-42FE-B21D-2C31BC2D1638}.DebugW3D|x86.ActiveCfg = Debug|Win32
		{2CD6CBF0-B9D1-42FE-B21D-2C31BC2D1638}.DebugW3D|x86.Build.0 = Debug|Win32
		{2CD6CBF0-B9D1-42FE-B21D-2C31BC2D1638}.French|x86.ActiveCfg = Debug|Win32
		{2CD6CBF0-B9D1-42FE-B21D-2C31BC2D1638}.French|x86.Build.0 = Debug|Win32
		{2CD6CBF0-B9D1-42FE-B21D-2C31BC2D1638}.German|x86.ActiveCfg = Debug|Win32
		{2CD6CBF0-B9D1-42FE-B21D-2C31BC2D1638}.German|x86.Build.0 = Debug|Win32
		{2CD6CBF0-B9D1-42FE-B21D-2C31BC2D1638}.Internal|x86.ActiveCfg = Debug|Win32
		{2CD6CBF0-B9D1-42FE-B21D-2C31BC2D1638}.Internal|x86.Build.0 = Debug|Win32
		{2CD6CBF0-B9D1-42FE-B21D-2C31BC2D1638}.Profile|x86.ActiveCfg = Debug|Win32
		{2CD6CBF0-B9D1-42FE-B21D-2C31BC2D1638}.Profile|x86.Build.0 = Debug|Win32
		{2CD6CBF0-B9D1-42FE-B21D-2C31BC2D1638}.ProfileE|x86.ActiveCfg = Debug|Win32
		{2CD6CBF0-B9D1-42FE-B21D-2C31BC2D1638}.ProfileE|x86.Build.0 = Debug|Win32
		{2CD6CBF0-B9D1-42FE-B21D-2C31BC2D1638}.Release|x86.ActiveCfg = Release|Win32
		{2CD6CBF0-B9D1-42FE-B21D-2C31BC2D1638}.Release|x86.Build.0 = Release|Win32
		{2CD6CBF0-B9D1-42FE-B21D-2C31BC2D1638}.Spanish|x86.ActiveCfg = Debug|Win32
		{2CD6CBF0-B9D1-42FE-B21D-2C31BC2D1638}.Spanish|x86.Build.0 = Debug|Win32
		{2CD6CBF0-B9D1-42FE-B21D-2C31BC2D1638}.Template|x86.ActiveCfg = Template|Win32
		{2CD6CBF0-B9D1-42FE-B21D-2C31BC2D1638}.Template|x86.Build.0 = Template|Win32
		{22A4EFAC-71D9-49CA-90B4-4CEE8A7F8189}.Debug|x86.ActiveCfg = Debug|Win32
		{22A4EFAC-71D9-49CA-90B4-4CEE8A7F8189}.Debug|x86.Build.0 = Debug|Win32
		{22A4EFAC-71D9-49CA-90B4-4CEE8A7F8189}.DebugE|x86.ActiveCfg = Debug|Win32
		{22A4EFAC-71D9-49CA-90B4-4CEE8A7F8189}.DebugE|x86.Build.0 = Debug|Win32
		{22A4EFAC-71D9-49CA-90B4-4CEE8A7F8189}.DebugW3D|x86.ActiveCfg = DebugW3D|Win32
		{22A4EFAC-71D9-49CA-90B4-4CEE8A7F8189}.DebugW3D|x86.Build.0 = DebugW3D|Win32
		{22A4EFAC-71D9-49CA-90B4-4CEE8A7F8189}.French|x86.ActiveCfg = Debug|Win32
		{22A4EFAC-71D9-49CA-90B4-4CEE8A7F8189}.French|x86.Build.0 = Debug|Win32
		{22A4EFAC-71D9-49CA-90B4-4CEE8A7F8189}.German|x86.ActiveCfg = Debug|Win32
		{22A4EFAC-71D9-49CA-90B4-4CEE8A7F8189}.German|x86.Build.0 = Debug|Win32
		{22A4EFAC-71D9-49CA-90B4-4CEE8A7F8189}.Internal|x86.ActiveCfg = Internal|Win32
		{22A4EFAC-71D9-49CA-90B4-4CEE8A7F8189}.Internal|x86.Build.0 = Internal|Win32
		{22A4EFAC-71D9-49CA-90B4-4CEE8A7F8189}.Profile|x86.ActiveCfg = Profile|Win32
		{22A4EFAC-71D9-49CA-90B4-4CEE8A7F8189}.Profile|x86.Build.0 = Profile|Win32
		{22A4EFAC-71D9-49CA-90B4-4CEE8A7F8189}.ProfileE|x86.ActiveCfg = Profile|Win32
		{22A4EFAC-71D9-49CA-90B4-4CEE8A7F8189}.ProfileE|x86.Build.0 = Profile|Win32
		{22A4EFAC-71D9-49CA-90B4-4CEE8A7F8189}.Release|x86.ActiveCfg = Release|Win32
		{22A4EFAC-71D9-49CA-90B4-4CEE8A7F8189}.Release|x86.Build.0 = Release|Win32
		{22A4EFAC-71D9-49CA-90B4-4CEE8A7F8189}.Spanish|x86.ActiveCfg = Debug|Win32
		{22A4EFAC-71D9-49CA-90B4-4CEE8A7F8189}.Spanish|x86.Build.0 = Debug|Win32
		{22A4EFAC-71D9-49CA-90B4-4CEE8A7F8189}.Template|x86.ActiveCfg = Template|Win32
		{22A4EFAC-71D9-49CA-90B4-4CEE8A7F8189}.Template|x86.Build.0 = Template|Win32
		{274EE77F-98A1-4038-A1E1-0AC2C6EECCE2}.Debug|x86.ActiveCfg = Debug|Win32
		{274EE77F-98A1-4038-A1E1-0AC2C6EECCE2}.Debug|x86.Build.0 = Debug|Win32
		{274EE77F-98A1-4038-A1E1-0AC2C6EECCE2}.DebugE|x86.ActiveCfg = Debug|Win32
		{274EE77F-98A1-4038-A1E1-0AC2C6EECCE2}.DebugE|x86.Build.0 = Debug|Win32
		{274EE77F-98A1-4038-A1E1-0AC2C6EECCE2}.DebugW3D|x86.ActiveCfg = Debug|Win32
		{274EE77F-98A1-4038-A1E1-0AC2C6EECCE2}.DebugW3D|x86.Build.0 = Debug|Win32
		{274EE77F-98A1-4038-A1E1-0AC2C6EECCE2}.French|x86.ActiveCfg = Debug|Win32
		{274EE77F-98A1-4038-A1E1-0AC2C6EECCE2}.French|x86.Build.0 = Debug|Win32
		{274EE77F-98A1-4038-A1E1-0AC2C6EECCE2}.German|x86.ActiveCfg = Debug|Win32
		{274EE77F-98A1-4038-A1E1-0AC2C6EECCE2}.German|x86.Build.0 = Debug|Win32
		{274EE77F-98A1-4038-A1E1-0AC2C6EECCE2}.Internal|x86.ActiveCfg = Internal|Win32
		{274EE77F-98A1-4038-A1E1-0AC2C6EECCE2}.Internal|x86.Build.0 = Internal|Win32
		{274EE77F-98A1-4038-A1E1-0AC2C6EECCE2}.Profile|x86.ActiveCfg = Debug|Win32
		{274EE77F-98A1-4038-A1E1-0AC2C6EECCE2}.Profile|x86.Build.0 = Debug|Win32
		{274EE77F-98A1-4038-A1E1-0AC2C6EECCE2}.ProfileE|x86.ActiveCfg = Debug|Win32
		{274EE77F-98A1-4038-A1E1-0AC2C6EECCE2}.ProfileE|x86.Build.0 = Debug|Win32
		{274EE77F-98A1-4038-A1E1-0AC2C6EECCE2}.Release|x86.ActiveCfg = Release|Win32
		{274EE77F-98A1-4038-A1E1-0AC2C6EECCE2}.Release|x86.Build.0 = Release|Win32
		{274EE77F-98A1-4038-A1E1-0AC2C6EECCE2}.Spanish|x86.ActiveCfg = Debug|Win32
		{274EE77F-98A1-4038-A1E1-0AC2C6EECCE2}.Spanish|x86.Build.0 = Debug|Win32
		{274EE77F-98A1-4038-A1E1-0AC2C6EECCE2}.Template|x86.ActiveCfg = Template|Win32
		{274EE77F-98A1-4038-A1E1-0AC2C6EECCE2}.Template|x86.Build.0 = Template|Win32
		{1030545B-2CF8-4F65-8095-3259BE4B6672}.Debug|x86.ActiveCfg = Debug|Win32
		{1030545B-2CF8-4F65-8095-3259BE4B6672}.Debug|x86.Build.0 = Debug|Win32
		{1030545B-2CF8-4F65-8095-3259BE4B6672}.DebugE|x86.ActiveCfg = Debug|Win32
		{1030545B-2CF8-4F65-8095-3259BE4B6672}.DebugE|x86.Build.0 = Debug|Win32
		{1030545B-2CF8-4F65-8095-3259BE4B6672}.DebugW3D|x86.ActiveCfg = Debug|Win32
		{1030545B-2CF8-4F65-8095-3259BE4B6672}.DebugW3D|x86.Build.0 = Debug|Win32
		{1030545B-2CF8-4F65-8095-3259BE4B6672}.French|x86.ActiveCfg = Debug|Win32
		{1030545B-2CF8-4F65-8095-3259BE4B6672}.French|x86.Build.0 = Debug|Win32
		{1030545B-2CF8-4F65-8095-3259BE4B6672}.German|x86.ActiveCfg = Debug|Win32
		{1030545B-2CF8-4F65-8095-3259BE4B6672}.German|x86.Build.0 = Debug|Win32
		{1030545B-2CF8-4F65-8095-3259BE4B6672}.Internal|x86.ActiveCfg = Internal|Win32
		{1030545B-2CF8-4F65-8095-3259BE4B6672}.Internal|x86.Build.0 = Internal|Win32
		{1030545B-2CF8-4F65-8095-3259BE4B6672}.Profile|x86.ActiveCfg = Debug|Win32
		{1030545B-2CF8-4F65-8095-3259BE4B6672}.Profile|x86.Build.0 = Debug|Win32
		{1030545B-2CF8-4F65-8095-3259BE4B6672}.ProfileE|x86.ActiveCfg = Debug|Win32
		{1030545B-2CF8-4F65-8095-3259BE4B6672}.ProfileE|x86.Build.0 = Debug|Win32
		{1030545B-2CF8-4F65-8095-3259BE4B6672}.Release|x86.ActiveCfg = Release|Win32
		{1030545B-2CF8-4F65-8095-3259BE4B6672}.Release|x86.Build.0 = Release|Win32
		{1030545B-2CF8-4F65-8095-3259BE4B6672}.Spanish|x86.ActiveCfg = Debug|Win32
		{1030545B-2CF8-4F65-8095-3259BE4B6672}.Spanish|x86.Build.0 = Debug|Win32
		{1030545B-2CF8-4F65-8095-3259BE4B6672}.Template|x86.ActiveCfg = Template|Win32
		{1030545B-2CF8-4F65-8095-3259BE4B6672}.Template|x86.Build.0 = Template|Win32
		{2661A822-FEDF-4169-AF0E-3ED9EDAADBBD}.Debug|x86.ActiveCfg = Debug|Win32
		{2661A822-FEDF-4169-AF0E-3ED9EDAADBBD}.Debug|x86.Build.0 = Debug|Win32
		{2661A822-FEDF-4169-AF0E-3ED9EDAADBBD}.DebugE|x86.ActiveCfg = Debug|Win32
		{2661A822-FEDF-4169-AF0E-3ED9EDAADBBD}.DebugE|x86.Build.0 = Debug|Win32
		{2661A822-FEDF-4169-AF0E-3ED9EDAADBBD}.DebugW3D|x86.ActiveCfg = Debug|Win32
		{2661A822-FEDF-4169-AF0E-3ED9EDAADBBD}.DebugW3D|x86.Build.0 = Debug|Win32
		{2661A822-FEDF-4169-AF0E-3ED9EDAADBBD}.French|x86.ActiveCfg = Debug|Win32
		{2661A822-FEDF-4169-AF0E-3ED9EDAADBBD}.French|x86.Build.0 = Debug|Win32
		{2661A822-FEDF-4169-AF0E-3ED9EDAADBBD}.German|x86.ActiveCfg = Debug|Win32
		{2661A822-FEDF-4169-AF0E-3ED9EDAADBBD}.German|x86.Build.0 = Debug|Win32
		{2661A822-FEDF-4169-AF0E-3ED9EDAADBBD}.Internal|x86.ActiveCfg = Debug|Win32
		{2661A822-FEDF-4169-AF0E-3ED9EDAADBBD}.Internal|x86.Build.0 = Debug|Win32
		{2661A822-FEDF-4169-AF0E-3ED9EDAADBBD}.Profile|x86.ActiveCfg = Debug|Win32
		{2661A822-FEDF-4169-AF0E-3ED9EDAADBBD}.Profile|x86.Build.0 = Debug|Win32
		{2661A822-FEDF-4169-AF0E-3ED9EDAADBBD}.ProfileE|x86.ActiveCfg = Debug|Win32
		{2661A822-FEDF-4169-AF0E-3ED9EDAADBBD}.ProfileE|x86.Build.0 = Debug|Win32
		{2661A822-FEDF-4169-AF0E-3ED9EDAADBBD}.Release|x86.ActiveCfg = Release|Win32
		{2661A822-FEDF-4169-AF0E-3ED9EDAADBBD}.Release|x86.Build.0 = Release|Win32
		{2661A822-FEDF-4169-AF0E-3ED9EDAADBBD}.Spanish|x86.ActiveCfg = Debug|Win32
		{2661A822-FEDF-4169-AF0E-3ED9EDAADBBD}.Spanish|x86.Build.0 = Debug|Win32
		{2661A822-FEDF-4169-AF0E-3ED9EDAADBBD}.Template|x86.ActiveCfg = Template|Win32
		{2661A822-FEDF-4169-AF0E-3ED9EDAADBBD}.Template|x86.Build.0 = Template|Win32
		{5BA2992D-EA84-4139-A6E5-84920B0C4816}.Debug|x86.ActiveCfg = Debug|Win32
		{5BA2992D-EA84-4139-A6E5-84920B0C4816}.Debug|x86.Build.0 = Debug|Win32
		{5BA2992D-EA84-4139-A6E5-84920B0C4816}.DebugE|x86.ActiveCfg = Debug|Win32
		{5BA2992D-EA84-4139-A6E5-84920B0C4816}.DebugE|x86.Build.0 = Debug|Win32
		{5BA2992D-EA84-4139-A6E5-84920B0C4816}.DebugW3D|x86.ActiveCfg = Debug|Win32
		{5BA2992D-EA84-4139-A6E5-84920B0C4816}.DebugW3D|x86.Build.0 = Debug|Win32
		{5BA2992D-EA84-4139-A6E5-84920B0C4816}.French|x86.ActiveCfg = Debug|Win32
		{5BA2992D-EA84-4139-A6E5-84920B0C4816}.French|x86.Build.0 = Debug|Win32
		{5BA2992D-EA84-4139-A6E5-84920B0C4816}.German|x86.ActiveCfg = Debug|Win32
		{5BA2992D-EA84-4139-A6E5-84920B0C4816}.German|x86.Build.0 = Debug|Win32
		{5BA2992D-EA84-4139-A6E5-84920B0C4816}.Internal|x86.ActiveCfg = Debug|Win32
		{5BA2992D-EA84-4139-A6E5-84920B0C4816}.Internal|x86.Build.0 = Debug|Win32
		{5BA2992D-EA84-4139-A6E5-84920B0C4816}.Profile|x86.ActiveCfg = Debug|Win32
		{5BA2992D-EA84-4139-A6E5-84920B0C4816}.Profile|x86.Build.0 = Debug|Win32
		{5BA2992D-EA84-4139-A6E5-84920B0C4816}.ProfileE|x86.ActiveCfg = Debug|Win32
		{5BA2992D-EA84-4139-A6E5-84920B0C4816}.ProfileE|x86.Build.0 = Debug|Win32
		{5BA2992D-EA84-4139-A6E5-84920B0C4816}.Release|x86.ActiveCfg = Release|Win32
		{5BA2992D-EA84-4139-A6E5-84920B0C4816}.Release|x86.Build.0 = Release|Win32
		{5BA2992D-EA84-4139-A6E5-84920B0C4816}.Spanish|x86.ActiveCfg = Debug|Win32
		{5BA2992D-EA84-4139-A6E5-84920B0C4816}.Spanish|x86.Build.0 = Debug|Win32
		{5BA2992D-EA84-4139-A6E5-84920B0C4816}.Template|x86.ActiveCfg = Template|Win32
		{5BA2992D-EA84-4139-A6E5-84920B0C4816}.Template|x86.Build.0 = Template|Win32
		{1AE71163-6881-41E6-AA88-4DC0D47D1A08}.Debug|x86.ActiveCfg = Debug|Win32
		{1AE71163-6881-41E6-AA88-4DC0D47D1A08}.Debug|x86.Build.0 = Debug|Win32
		{1AE71163-6881-41E6-AA88-4DC0D47D1A08}.DebugE|x86.ActiveCfg = Debug|Win32
		{1AE71163-6881-41E6-AA88-4DC0D47D1A08}.DebugE|x86.Build.0 = Debug|Win32
		{1AE71163-6881-41E6-AA88-4DC0D47D1A08}.DebugW3D|x86.ActiveCfg = Debug|Win32
		{1AE71163-6881-41E6-AA88-4DC0D47D1A08}.DebugW3D|x86.Build.0 = Debug|Win32
		{1AE71163-6881-41E6-AA88-4DC0D47D1A08}.French|x86.ActiveCfg = Debug|Win32
		{1AE71163-6881-41E6-AA88-4DC0D47D1A08}.French|x86.Build.0 = Debug|Win32
		{1AE71163-6881-41E6-AA88-4DC0D47D1A08}.German|x86.ActiveCfg = Debug|Win32
		{1AE71163-6881-41E6-AA88-4DC0D47D1A08}.German|x86.Build.0 = Debug|Win32
		{1AE71163-6881-41E6-AA88-4DC0D47D1A08}.Internal|x86.ActiveCfg = Internal|Win32
		{1AE71163-6881-41E6-AA88-4DC0D47D1A08}.Internal|x86.Build.0 = Internal|Win32
		{1AE71163-6881-41E6-AA88-4DC0D47D1A08}.Profile|x86.ActiveCfg = Profile|Win32
		{1AE71163-6881-41E6-AA88-4DC0D47D1A08}.Profile|x86.Build.0 = Profile|Win32
		{1AE71163-6881-41E6-AA88-4DC0D47D1A08}.ProfileE|x86.ActiveCfg = Profile|Win32
		{1AE71163-6881-41E6-AA88-4DC0D47D1A08}.ProfileE|x86.Build.0 = Profile|Win32
		{1AE71163-6881-41E6-AA88-4DC0D47D1A08}.Release|x86.ActiveCfg = Release|Win32
		{1AE71163-6881-41E6-AA88-4DC0D47D1A08}.Release|x86.Build.0 = Release|Win32
		{1AE71163-6881-41E6-AA88-4DC0D47D1A08}.Spanish|x86.ActiveCfg = Debug|Win32
		{1AE71163-6881-41E6-AA88-4DC0D47D1A08}.Spanish|x86.Build.0 = Debug|Win32
		{1AE71163-6881-41E6-AA88-4DC0D47D1A08}.Template|x86.ActiveCfg = Template|Win32
		{1AE71163-6881-41E6-AA88-4DC0D47D1A08}.Template|x86.Build.0 = Template|Win32
		{F92F97A4-1AF4-428B-9419-6BFC8C997319}.Debug|x86.ActiveCfg = Debug|Win32
		{F92F97A4-1AF4-428B-9419-6BFC8C997319}.Debug|x86.Build.0 = Debug|Win32
		{F92F97A4-1AF4-428B-9419-6BFC8C997319}.DebugE|x86.ActiveCfg = Debug|Win32
		{F92F97A4-1AF4-428B-9419-6BFC8C997319}.DebugE|x86.Build.0 = Debug|Win32
		{F92F97A4-1AF4-428B-9419-6BFC8C997319}.DebugW3D|x86.ActiveCfg = Debug|Win32
		{F92F97A4-1AF4-428B-9419-6BFC8C997319}.DebugW3D|x86.Build.0 = Debug|Win32
		{F92F97A4-1AF4-428B-9419-6BFC8C997319}.French|x86.ActiveCfg = Debug|Win32
		{F92F97A4-1AF4-428B-9419-6BFC8C997319}.French|x86.Build.0 = Debug|Win32
		{F92F97A4-1AF4-428B-9419-6BFC8C997319}.German|x86.ActiveCfg = Debug|Win32
		{F92F97A4-1AF4-428B-9419-6BFC8C997319}.German|x86.Build.0 = Debug|Win32
		{F92F97A4-1AF4-428B-9419-6BFC8C997319}.Internal|x86.ActiveCfg = Debug|Win32
		{F92F97A4-1AF4-428B-9419-6BFC8C997319}.Internal|x86.Build.0 = Debug|Win32
		{F92F97A4-1AF4-428B-9419-6BFC8C997319}.Profile|x86.ActiveCfg = Debug|Win32
		{F92F97A4-1AF4-428B-9419-6BFC8C997319}.Profile|x86.Build.0 = Debug|Win32
		{F92F97A4-1AF4-428B-9419-6BFC8C997319}.ProfileE|x86.ActiveCfg = Debug|Win32
		{F92F97A4-1AF4-428B-9419-6BFC8C997319}.ProfileE|x86.Build.0 = Debug|Win32
		{F92F97A4-1AF4-428B-9419-6BFC8C997319}.Release|x86.ActiveCfg = Release|Win32
		{F92F97A4-1AF4-428B-9419-6BFC8C997319}.Release|x86.Build.0 = Release|Win32
		{F92F97A4-1AF4-428B-9419-6BFC8C997319}.Spanish|x86.ActiveCfg = Debug|Win32
		{F92F97A4-1AF4-428B-9419-6BFC8C997319}.Spanish|x86.Build.0 = Debug|Win32
		{F92F97A4-1AF4-428B-9419-6BFC8C997319}.Template|x86.ActiveCfg = Template|Win32
		{F92F97A4-1AF4-428B-9419-6BFC8C997319}.Template|x86.Build.0 = Template|Win32
		{63FCCE41-E0C6-4EEC-A45F-18FDF4C7FC41}.Debug|x86.ActiveCfg = Debug|Win32
		{63FCCE41-E0C6-4EEC-A45F-18FDF4C7FC41}.Debug|x86.Build.0 = Debug|Win32
		{63FCCE41-E0C6-4EEC-A45F-18FDF4C7FC41}.DebugE|x86.ActiveCfg = Debug|Win32
		{63FCCE41-E0C6-4EEC-A45F-18FDF4C7FC41}.DebugE|x86.Build.0 = Debug|Win32
		{63FCCE41-E0C6-4EEC-A45F-18FDF4C7FC41}.DebugW3D|x86.ActiveCfg = Debug|Win32
		{63FCCE41-E0C6-4EEC-A45F-18FDF4C7FC41}.DebugW3D|x86.Build.0 = Debug|Win32
		{63FCCE41-E0C6-4EEC-A45F-18FDF4C7FC41}.French|x86.ActiveCfg = French|Win32
		{63FCCE41-E0C6-4EEC-A45F-18FDF4C7FC41}.French|x86.Build.0 = French|Win32
		{63FCCE41-E0C6-4EEC-A45F-18FDF4C7FC41}.German|x86.ActiveCfg = German|Win32
		{63FCCE41-E0C6-4EEC-A45F-18FDF4C7FC41}.German|x86.Build.0 = German|Win32
		{63FCCE41-E0C6-4EEC-A45F-18FDF4C7FC41}.Internal|x86.ActiveCfg = Debug|Win32
		{63FCCE41-E0C6-4EEC-A45F-18FDF4C7FC41}.Internal|x86.Build.0 = Debug|Win32
		{63FCCE41-E0C6-4EEC-A45F-18FDF4C7FC41}.Profile|x86.ActiveCfg = Debug|Win32
		{63FCCE41-E0C6-4EEC-A45F-18FDF4C7FC41}.Profile|x86.Build.0 = Debug|Win32
		{63FCCE41-E0C6-4EEC-A45F-18FDF4C7FC41}.ProfileE|x86.ActiveCfg = Debug|Win32
		{63FCCE41-E0C6-4EEC-A45F-18FDF4C7FC41}.ProfileE|x86.Build.0 = Debug|Win32
		{63FCCE41-E0C6-4EEC-A45F-18FDF4C7FC41}.Release|x86.ActiveCfg = Release|Win32
		{63FCCE41-E0C6-4EEC-A45F-18FDF4C7FC41}.Release|x86.Build.0 = Release|Win32
		{63FCCE41-E0C6-4EEC-A45F-18FDF4C7FC41}.Spanish|x86.ActiveCfg = Spanish|Win32
		{63FCCE41-E0C6-4EEC-A45F-18FDF4C7FC41}.Spanish|x86.Build.0 = Spanish|Win32
		{63FCCE41-E0C6-4EEC-A45F-18FDF4C7FC41}.Template|x86.ActiveCfg = Template|Win32
		{63FCCE41-E0C6-4EEC-A45F-18FDF4C7FC41}.Template|x86.Build.0 = Template|Win32
		{7A5B440E-506B-4C50-94DD-DE8B699412D9}.Debug|x86.ActiveCfg = Debug|Win32
		{7A5B440E-506B-4C50-94DD-DE8B699412D9}.Debug|x86.Build.0 = Debug|Win32
		{7A5B440E-506B-4C50-94DD-DE8B699412D9}.DebugE|x86.ActiveCfg = Debug|Win32
		{7A5B440E-506B-4C50-94DD-DE8B699412D9}.DebugE|x86.Build.0 = Debug|Win32
		{7A5B440E-506B-4C50-94DD-DE8B699412D9}.DebugW3D|x86.ActiveCfg = Debug|Win32
		{7A5B440E-506B-4C50-94DD-DE8B699412D9}.DebugW3D|x86.Build.0 = Debug|Win32
		{7A5B440E-506B-4C50-94DD-DE8B699412D9}.French|x86.ActiveCfg = Debug|Win32
		{7A5B440E-506B-4C50-94DD-DE8B699412D9}.French|x86.Build.0 = Debug|Win32
		{7A5B440E-506B-4C50-94DD-DE8B699412D9}.German|x86.ActiveCfg = Debug|Win32
		{7A5B440E-506B-4C50-94DD-DE8B699412D9}.German|x86.Build.0 = Debug|Win32
		{7A5B440E-506B-4C50-94DD-DE8B699412D9}.Internal|x86.ActiveCfg = Internal|Win32
		{7A5B440E-506B-4C50-94DD-DE8B699412D9}.Internal|x86.Build.0 = Internal|Win32
		{7A5B440E-506B-4C50-94DD-DE8B699412D9}.Profile|x86.ActiveCfg = Profile|Win32
		{7A5B440E-506B-4C50-94DD-DE8B699412D9}.Profile|x86.Build.0 = Profile|Win32
		{7A5B440E-506B-4C50-94DD-DE8B699412D9}.ProfileE|x86.ActiveCfg = Profile|Win32
		{7A5B440E-506B-4C50-94DD-DE8B699412D9}.ProfileE|x86.Build.0 = Profile|Win32
		{7A5B440E-506B-4C50-94DD-DE8B699412D9}.Release|x86.ActiveCfg = Release|Win32
		{7A5B440E-506B-4C50-94DD-DE8B699412D9}.Release|x86.Build.0 = Release|Win32
		{7A5B440E-506B-4C50-94DD-DE8B699412D9}.Spanish|x86.ActiveCfg = Debug|Win32
		{7A5B440E-506B-4C50-94DD-DE8B699412D9}.Spanish|x86.Build.0 = Debug|Win32
		{7A5B440E-506B-4C50-94DD-DE8B699412D9}.Template|x86.ActiveCfg = Template|Win32
		{7A5B440E-506B-4C50-94DD-DE8B699412D9}.Template|x86.Build.0 = Template|Win32
		{F227E08B-8E58-47B3-BA83-3C15A07D926E}.Debug|x86.ActiveCfg = Debug|Win32
		{F227E08B-8E58-47B3-BA83-3C15A07D926E}.Debug|x86.Build.0 = Debug|Win32
		{F227E08B-8E58-47B3-BA83-3C15A07D926E}.DebugE|x86.ActiveCfg = Debug|Win32
		{F227E08B-8E58-47B3-BA83-3C15A07D926E}.DebugE|x86.Build.0 = Debug|Win32
		{F227E08B-8E58-47B3-BA83-3C15A07D926E}.DebugW3D|x86.ActiveCfg = Debug|Win32
		{F227E08B-8E58-47B3-BA83-3C15A07D926E}.DebugW3D|x86.Build.0 = Debug|Win32
		{F227E08B-8E58-47B3-BA83-3C15A07D926E}.French|x86.ActiveCfg = Debug|Win32
		{F227E08B-8E58-47B3-BA83-3C15A07D926E}.French|x86.Build.0 = Debug|Win32
		{F227E08B-8E58-47B3-BA83-3C15A07D926E}.German|x86.ActiveCfg = Debug|Win32
		{F227E08B-8E58-47B3-BA83-3C15A07D926E}.German|x86.Build.0 = Debug|Win32
		{F227E08B-8E58-47B3-BA83-3C15A07D926E}.Internal|x86.ActiveCfg = Debug|Win32
		{F227E08B-8E58-47B3-BA83-3C15A07D926E}.Internal|x86.Build.0 = Debug|Win32
		{F227E08B-8E58-47B3-BA83-3C15A07D926E}.Profile|x86.ActiveCfg = Debug|Win32
		{F227E08B-8E58-47B3-BA83-3C15A07D926E}.Profile|x86.Build.0 = Debug|Win32
		{F227E08B-8E58-47B3-BA83-3C15A07D926E}.ProfileE|x86.ActiveCfg = Debug|Win32
		{F227E08B-8E58-47B3-BA83-3C15A07D926E}.ProfileE|x86.Build.0 = Debug|Win32
		{F227E08B-8E58-47B3-BA83-3C15A07D926E}.Release|x86.ActiveCfg = Release|Win32
		{F227E08B-8E58-47B3-BA83-3C15A07D926E}.Release|x86.Build.0 = Release|Win32
		{F227E08B-8E58-47B3-BA83-3C15A07D926E}.Spanish|x86.ActiveCfg = Debug|Win32
		{F227E08B-8E58-47B3-BA83-3C15A07D926E}.Spanish|x86.Build.0 = Debug|Win32
		{F227E08B-8E58-47B3-BA83-3C15A07D926E}.Template|x86.ActiveCfg = Template|Win32
		{F227E08B-8E58-47B3-BA83-3C15A07D926E}.Template|x86.Build.0 = Template|Win32
		{C577A160-ACC0-41B1-879C-7654B2C0640B}.Debug|x86.ActiveCfg = Debug|Win32
		{C577A160-ACC0-41B1-879C-7654B2C0640B}.Debug|x86.Build.0 = Debug|Win32
		{C577A160-ACC0-41B1-879C-7654B2C0640B}.DebugE|x86.ActiveCfg = DebugE|Win32
		{C577A160-ACC0-41B1-879C-7654B2C0640B}.DebugE|x86.Build.0 = DebugE|Win32
		{C577A160-ACC0-41B1-879C-7654B2C0640B}.DebugW3D|x86.ActiveCfg = DebugW3D|Win32
		{C577A160-ACC0-41B1-879C-7654B2C0640B}.DebugW3D|x86.Build.0 = DebugW3D|Win32
		{C577A160-ACC0-41B1-879C-7654B2C0640B}.French|x86.ActiveCfg = Debug|Win32
		{C577A160-ACC0-41B1-879C-7654B2C0640B}.French|x86.Build.0 = Debug|Win32
		{C577A160-ACC0-41B1-879C-7654B2C0640B}.German|x86.ActiveCfg = Debug|Win32
		{C577A160-ACC0-41B1-879C-7654B2C0640B}.German|x86.Build.0 = Debug|Win32
		{C577A160-ACC0-41B1-879C-7654B2C0640B}.Internal|x86.ActiveCfg = Internal|Win32
		{C577A160-ACC0-41B1-879C-7654B2C0640B}.Internal|x86.Build.0 = Internal|Win32
		{C577A160-ACC0-41B1-879C-7654B2C0640B}.Profile|x86.ActiveCfg = Profile|Win32
		{C577A160-ACC0-41B1-879C-7654B2C0640B}.Profile|x86.Build.0 = Profile|Win32
		{C577A160-ACC0-41B1-879C-7654B2C0640B}.ProfileE|x86.ActiveCfg = ProfileE|Win32
		{C577A160-ACC0-41B1-879C-7654B2C0640B}.ProfileE|x86.Build.0 = ProfileE|Win32
		{C577A160-ACC0-41B1-879C-7654B2C0640B}.Release|x86.ActiveCfg = Release|Win32
		{C577A160-ACC0-41B1-879C-7654B2C0640B}.Release|x86.Build.0 = Release|Win32
		{C577A160-ACC0-41B1-879C-7654B2C0640B}.Spanish|x86.ActiveCfg = Debug|Win32
		{C577A160-ACC0-41B1-879C-7654B2C0640B}.Spanish|x86.Build.0 = Debug|Win32
		{C577A160-ACC0-41B1-879C-7654B2C0640B}.Template|x86.ActiveCfg = Template|Win32
		{C577A160-ACC0-41B1-879C-7654B2C0640B}.Template|x86.Build.0 = Template|Win32
		{A0C4EA9C-DC07-437E-9CA7-FE8F1A0E51A6}.Debug|x86.ActiveCfg = Debug|Win32
		{A0C4EA9C-DC07-437E-9CA7-FE8F1A0E51A6}.Debug|x86.Build.0 = Debug|Win32
		{A0C4EA9C-DC07-437E-9CA7-FE8F1A0E51A6}.DebugE|x86.ActiveCfg = Debug|Win32
		{A0C4EA9C-DC07-437E-9CA7-FE8F1A0E51A6}.DebugE|x86.Build.0 = Debug|Win32
		{A0C4EA9C-DC07-437E-9CA7-FE8F1A0E51A6}.DebugW3D|x86.ActiveCfg = DebugW3D|Win32
		{A0C4EA9C-DC07-437E-9CA7-FE8F1A0E51A6}.DebugW3D|x86.Build.0 = DebugW3D|Win32
		{A0C4EA9C-DC07-437E-9CA7-FE8F1A0E51A6}.French|x86.ActiveCfg = Debug|Win32
		{A0C4EA9C-DC07-437E-9CA7-FE8F1A0E51A6}.French|x86.Build.0 = Debug|Win32
		{A0C4EA9C-DC07-437E-9CA7-FE8F1A0E51A6}.German|x86.ActiveCfg = Debug|Win32
		{A0C4EA9C-DC07-437E-9CA7-FE8F1A0E51A6}.German|x86.Build.0 = Debug|Win32
		{A0C4EA9C-DC07-437E-9CA7-FE8F1A0E51A6}.Internal|x86.ActiveCfg = Internal|Win32
		{A0C4EA9C-DC07-437E-9CA7-FE8F1A0E51A6}.Internal|x86.Build.0 = Internal|Win32
		{A0C4EA9C-DC07-437E-9CA7-FE8F1A0E51A6}.Profile|x86.ActiveCfg = Profile|Win32
		{A0C4EA9C-DC07-437E-9CA7-FE8F1A0E51A6}.Profile|x86.Build.0 = Profile|Win32
		{A0C4EA9C-DC07-437E-9CA7-FE8F1A0E51A6}.ProfileE|x86.ActiveCfg = Profile|Win32
		{A0C4EA9C-DC07-437E-9CA7-FE8F1A0E51A6}.ProfileE|x86.Build.0 = Profile|Win32
		{A0C4EA9C-DC07-437E-9CA7-FE8F1A0E51A6}.Release|x86.ActiveCfg = Release|Win32
		{A0C4EA9C-DC07-437E-9CA7-FE8F1A0E51A6}.Release|x86.Build.0 = Release|Win32
		{A0C4EA9C-DC07-437E-9CA7-FE8F1A0E51A6}.Spanish|x86.ActiveCfg = Debug|Win32
		{A0C4EA9C-DC07-437E-9CA7-FE8F1A0E51A6}.Spanish|x86.Build.0 = Debug|Win32
		{A0C4EA9C-DC07-437E-9CA7-FE8F1A0E51A6}.Template|x86.ActiveCfg = Template|Win32
		{A0C4EA9C-DC07-437E-9CA7-FE8F1A0E51A6}.Template|x86.Build.0 = Template|Win32
		{3FCA442E-3344-44D8-A7DB-12D99A4EEB74}.Debug|x86.ActiveCfg = Debug|Win32
		{3FCA442E-3344-44D8-A7DB-12D99A4EEB74}.Debug|x86.Build.0 = Debug|Win32
		{3FCA442E-3344-44D8-A7DB-12D99A4EEB74}.DebugE|x86.ActiveCfg = Debug|Win32
		{3FCA442E-3344-44D8-A7DB-12D99A4EEB74}.DebugE|x86.Build.0 = Debug|Win32
		{3FCA442E-3344-44D8-A7DB-12D99A4EEB74}.DebugW3D|x86.ActiveCfg = DebugW3D|Win32
		{3FCA442E-3344-44D8-A7DB-12D99A4EEB74}.DebugW3D|x86.Build.0 = DebugW3D|Win32
		{3FCA442E-3344-44D8-A7DB-12D99A4EEB74}.French|x86.ActiveCfg = Debug|Win32
		{3FCA442E-3344-44D8-A7DB-12D99A4EEB74}.French|x86.Build.0 = Debug|Win32
		{3FCA442E-3344-44D8-A7DB-12D99A4EEB74}.German|x86.ActiveCfg = Debug|Win32
		{3FCA442E-3344-44D8-A7DB-12D99A4EEB74}.German|x86.Build.0 = Debug|Win32
		{3FCA442E-3344-44D8-A7DB-12D99A4EEB74}.Internal|x86.ActiveCfg = Internal|Win32
		{3FCA442E-3344-44D8-A7DB-12D99A4EEB74}.Internal|x86.Build.0 = Internal|Win32
		{3FCA442E-3344-44D8-A7DB-12D99A4EEB74}.Profile|x86.ActiveCfg = Profile|Win32
		{3FCA442E-3344-44D8-A7DB-12D99A4EEB74}.Profile|x86.Build.0 = Profile|Win32
		{3FCA442E-3344-44D8-A7DB-12D99A4EEB74}.ProfileE|x86.ActiveCfg = Profile|Win32
		{3FCA442E-3344-44D8-A7DB-12D99A4EEB74}.ProfileE|x86.Build.0 = Profile|Win32
		{3FCA442E-3344-44D8-A7DB-12D99A4EEB74}.Release|x86.ActiveCfg = Release|Win32
		{3FCA442E-3344-44D8-A7DB-12D99A4EEB74}.Release|x86.Build.0 = Release|Win32
		{3FCA442E-3344-44D8-A7DB-12D99A4EEB74}.Spanish|x86.ActiveCfg = Debug|Win32
		{3FCA442E-3344-44D8-A7DB-12D99A4EEB74}.Spanish|x86.Build.0 = Debug|Win32
		{3FCA442E-3344-44D8-A7DB-12D99A4EEB74}.Template|x86.ActiveCfg = Template|Win32
		{3FCA442E-3344-44D8-A7DB-12D99A4EEB74}.Template|x86.Build.0 = Template|Win32
		{5CB1320C-6FAE-4A1A-B96D-6C226C59A165}.Debug|x86.ActiveCfg = Debug|Win32
		{5CB1320C-6FAE-4A1A-B96D-6C226C59A165}.Debug|x86.Build.0 = Debug|Win32
		{5CB1320C-6FAE-4A1A-B96D-6C226C59A165}.DebugE|x86.ActiveCfg = Debug|Win32
		{5CB1320C-6FAE-4A1A-B96D-6C226C59A165}.DebugE|x86.Build.0 = Debug|Win32
		{5CB1320C-6FAE-4A1A-B96D-6C226C59A165}.DebugW3D|x86.ActiveCfg = DebugW3D|Win32
		{5CB1320C-6FAE-4A1A-B96D-6C226C59A165}.DebugW3D|x86.Build.0 = DebugW3D|Win32
		{5CB1320C-6FAE-4A1A-B96D-6C226C59A165}.French|x86.ActiveCfg = Debug|Win32
		{5CB1320C-6FAE-4A1A-B96D-6C226C59A165}.French|x86.Build.0 = Debug|Win32
		{5CB1320C-6FAE-4A1A-B96D-6C226C59A165}.German|x86.ActiveCfg = Debug|Win32
		{5CB1320C-6FAE-4A1A-B96D-6C226C59A165}.German|x86.Build.0 = Debug|Win32
		{5CB1320C-6FAE-4A1A-B96D-6C226C59A165}.Internal|x86.ActiveCfg = Internal|Win32
		{5CB1320C-6FAE-4A1A-B96D-6C226C59A165}.Internal|x86.Build.0 = Internal|Win32
		{5CB1320C-6FAE-4A1A-B96D-6C226C59A165}.Profile|x86.ActiveCfg = Profile|Win32
		{5CB1320C-6FAE-4A1A-B96D-6C226C59A165}.Profile|x86.Build.0 = Profile|Win32
		{5CB1320C-6FAE-4A1A-B96D-6C226C59A165}.ProfileE|x86.ActiveCfg = Profile|Win32
		{5CB1320C-6FAE-4A1A-B96D-6C226C59A165}.ProfileE|x86.Build.0 = Profile|Win32
		{5CB1320C-6FAE-4A1A-B96D-6C226C59A165}.Release|x86.ActiveCfg = Release|Win32
		{5CB1320C-6FAE-4A1A-B96D-6C226C59A165}.Release|x86.Build.0 = Release|Win32
		{5CB1320C-6FAE-4A1A-B96D-6C226C59A165}.Spanish|x86.ActiveCfg = Debug|Win32
		{5CB1320C-6FAE-4A1A-B96D-6C226C59A165}.Spanish|x86.Build.0 = Debug|Win32
		{5CB1320C-6FAE-4A1A-B96D-6C226C59A165}.Template|x86.ActiveCfg = Template|Win32
		{5CB1320C-6FAE-4A1A-B96D-6C226C59A165}.Template|x86.Build.0 = Template|Win32
		{0FE5197D-4076-4063-AAB6-6AA6CE7ECDC2}.Debug|x86.ActiveCfg = Debug|Win32
		{0FE5197D-4076-4063-AAB6-6AA6CE7ECDC2}.Debug|x86.Build.0 = Debug|Win32
		{0FE5197D-4076-4063-AAB6-6AA6CE7ECDC2}.DebugE|x86.ActiveCfg = DebugE|Win32
		{0FE5197D-4076-4063-AAB6-6AA6CE7ECDC2}.DebugE|x86.Build.0 = DebugE|Win32
		{0FE5197D-4076-4063-AAB6-6AA6CE7ECDC2}.DebugW3D|x86.ActiveCfg = DebugW3D|Win32
		{0FE5197D-4076-4063-AAB6-6AA6CE7ECDC2}.DebugW3D|x86.Build.0 = DebugW3D|Win32
		{0FE5197D-4076-4063-AAB6-6AA6CE7ECDC2}.French|x86.ActiveCfg = Debug|Win32
		{0FE5197D-4076-4063-AAB6-6AA6CE7ECDC2}.French|x86.Build.0 = Debug|Win32
		{0FE5197D-4076-4063-AAB6-6AA6CE7ECDC2}.German|x86.ActiveCfg = Debug|Win32
		{0FE5197D-4076-4063-AAB6-6AA6CE7ECDC2}.German|x86.Build.0 = Debug|Win32
		{0FE5197D-4076-4063-AAB6-6AA6CE7ECDC2}.Internal|x86.ActiveCfg = Internal|Win32
		{0FE5197D-4076-4063-AAB6-6AA6CE7ECDC2}.Internal|x86.Build.0 = Internal|Win32
		{0FE5197D-4076-4063-AAB6-6AA6CE7ECDC2}.Profile|x86.ActiveCfg = Profile|Win32
		{0FE5197D-4076-4063-AAB6-6AA6CE7ECDC2}.Profile|x86.Build.0 = Profile|Win32
		{0FE5197D-4076-4063-AAB6-6AA6CE7ECDC2}.ProfileE|x86.ActiveCfg = ProfileE|Win32
		{0FE5197D-4076-4063-AAB6-6AA6CE7ECDC2}.ProfileE|x86.Build.0 = ProfileE|Win32
		{0FE5197D-4076-4063-AAB6-6AA6CE7ECDC2}.Release|x86.ActiveCfg = Release|Win32
		{0FE5197D-4076-4063-AAB6-6AA6CE7ECDC2}.Release|x86.Build.0 = Release|Win32
		{0FE5197D-4076-4063-AAB6-6AA6CE7ECDC2}.Spanish|x86.ActiveCfg = Debug|Win32
		{0FE5197D-4076-4063-AAB6-6AA6CE7ECDC2}.Spanish|x86.Build.0 = Debug|Win32
		{0FE5197D-4076-4063-AAB6-6AA6CE7ECDC2}.Template|x86.ActiveCfg = Template|Win32
		{0FE5197D-4076-4063-AAB6-6AA6CE7ECDC2}.Template|x86.Build.0 = Template|Win32
		{9AF6C7F8-8A46-42D7-A2AF-F1660B680E9B}.Debug|x86.ActiveCfg = Debug|Win32
		{9AF6C7F8-8A46-42D7-A2AF-F1660B680E9B}.Debug|x86.Build.0 = Debug|Win32
		{9AF6C7F8-8A46-42D7-A2AF-F1660B680E9B}.DebugE|x86.ActiveCfg = Debug|Win32
		{9AF6C7F8-8A46-42D7-A2AF-F1660B680E9B}.DebugE|x86.Build.0 = Debug|Win32
		{9AF6C7F8-8A46-42D7-A2AF-F1660B680E9B}.DebugW3D|x86.ActiveCfg = DebugW3D|Win32
		{9AF6C7F8-8A46-42D7-A2AF-F1660B680E9B}.DebugW3D|x86.Build.0 = DebugW3D|Win32
		{9AF6C7F8-8A46-42D7-A2AF-F1660B680E9B}.French|x86.ActiveCfg = Debug|Win32
		{9AF6C7F8-8A46-42D7-A2AF-F1660B680E9B}.French|x86.Build.0 = Debug|Win32
		{9AF6C7F8-8A46-42D7-A2AF-F1660B680E9B}.German|x86.ActiveCfg = Debug|Win32
		{9AF6C7F8-8A46-42D7-A2AF-F1660B680E9B}.German|x86.Build.0 = Debug|Win32
		{9AF6C7F8-8A46-42D7-A2AF-F1660B680E9B}.Internal|x86.ActiveCfg = Internal|Win32
		{9AF6C7F8-8A46-42D7-A2AF-F1660B680E9B}.Internal|x86.Build.0 = Internal|Win32
		{9AF6C7F8-8A46-42D7-A2AF-F1660B680E9B}.Profile|x86.ActiveCfg = Profile|Win32
		{9AF6C7F8-8A46-42D7-A2AF-F1660B680E9B}.Profile|x86.Build.0 = Profile|Win32
		{9AF6C7F8-8A46-42D7-A2AF-F1660B680E9B}.ProfileE|x86.ActiveCfg = Profile|Win32
		{9AF6C7F8-8A46-42D7-A2AF-F1660B680E9B}.ProfileE|x86.Build.0 = Profile|Win32
		{9AF6C7F8-8A46-42D7-A2AF-F1660B680E9B}.Release|x86.ActiveCfg = Release|Win32
		{9AF6C7F8-8A46-42D7-A2AF-F1660B680E9B}.Release|x86.Build.0 = Release|Win32
		{9AF6C7F8-8A46-42D7-A2AF-F1660B680E9B}.Spanish|x86.ActiveCfg = Debug|Win32
		{9AF6C7F8-8A46-42D7-A2AF-F1660B680E9B}.Spanish|x86.Build.0 = Debug|Win32
		{9AF6C7F8-8A46-42D7-A2AF-F1660B680E9B}.Template|x86.ActiveCfg = Template|Win32
		{9AF6C7F8-8A46-42D7-A2AF-F1660B680E9B}.Template|x86.Build.0 = Template|Win32
		{1B1C1D06-CBD5-4833-A60A-ECF52E8E5CE6}.Debug|x86.ActiveCfg = Debug|Win32
		{1B1C1D06-CBD5-4833-A60A-ECF52E8E5CE6}.Debug|x86.Build.0 = Debug|Win32
		{1B1C1D06-CBD5-4833-A60A-ECF52E8E5CE6}.DebugE|x86.ActiveCfg = Debug|Win32
		{1B1C1D06-CBD5-4833-A60A-ECF52E8E5CE6}.DebugE|x86.Build.0 = Debug|Win32
		{1B1C1D06-CBD5-4833-A60A-ECF52E8E5CE6}.DebugW3D|x86.ActiveCfg = DebugW3D|Win32
		{1B1C1D06-CBD5-4833-A60A-ECF52E8E5CE6}.DebugW3D|x86.Build.0 = DebugW3D|Win32
		{1B1C1D06-CBD5-4833-A60A-ECF52E8E5CE6}.French|x86.ActiveCfg = Debug|Win32
		{1B1C1D06-CBD5-4833-A60A-ECF52E8E5CE6}.French|x86.Build.0 = Debug|Win32
		{1B1C1D06-CBD5-4833-A60A-ECF52E8E5CE6}.German|x86.ActiveCfg = Debug|Win32
		{1B1C1D06-CBD5-4833-A60A-ECF52E8E5CE6}.German|x86.Build.0 = Debug|Win32
		{1B1C1D06-CBD5-4833-A60A-ECF52E8E5CE6}.Internal|x86.ActiveCfg = Internal|Win32
		{1B1C1D06-CBD5-4833-A60A-ECF52E8E5CE6}.Internal|x86.Build.0 = Internal|Win32
		{1B1C1D06-CBD5-4833-A60A-ECF52E8E5CE6}.Profile|x86.ActiveCfg = Profile|Win32
		{1B1C1D06-CBD5-4833-A60A-ECF52E8E5CE6}.Profile|x86.Build.0 = Profile|Win32
		{1B1C1D06-CBD5-4833-A60A-ECF52E8E5CE6}.ProfileE|x86.ActiveCfg = Profile|Win32
		{1B1C1D06-CBD5-4833-A60A-ECF52E8E5CE6}.ProfileE|x86.Build.0 = Profile|Win32
		{1B1C1D06-CBD5-4833-A60A-ECF52E8E5CE6}.Release|x86.ActiveCfg = Release|Win32
		{1B1C1D06-CBD5-4833-A60A-ECF52E8E5CE6}.Release|x86.Build.0 = Release|Win32
		{1B1C1D06-CBD5-4833-A60A-ECF52E8E5CE6}.Spanish|x86.ActiveCfg = Debug|Win32
		{1B1C1D06-CBD5-4833-A60A-ECF52E8E5CE6}.Spanish|x86.Build.0 = Debug|Win32
		{1B1C1D06-CBD5-4833-A60A-ECF52E8E5CE6}.Template|x86.ActiveCfg = Template|Win32
		{1B1C1D06-CBD5-4833-A60A-ECF52E8E5CE6}.Template|x86.Build.0 = Template|Win32
	EndGlobalSection
	GlobalSection(SolutionProperties) = preSolution
		HideSolutionNode = FALSE
	EndGlobalSection
	GlobalSection(ExtensibilityGlobals) = postSolution
		SolutionGuid = {57295D60-371E-426B-BACD-C62FC34BCF3F}
	EndGlobalSection
EndGlobal
