<?xml version="1.0" encoding="utf-8"?>
<Project ToolsVersion="4.0" xmlns="http://schemas.microsoft.com/developer/msbuild/2003">
  <ItemGroup>
    <Filter Include="Source Files">
      <UniqueIdentifier>{95d0a927-0246-49c5-a4b5-061bd275d747}</UniqueIdentifier>
      <Extensions>cpp;c;cxx;rc;def;r;odl;idl;hpj;bat</Extensions>
    </Filter>
    <Filter Include="Header Files">
      <UniqueIdentifier>{d8c10b01-1fc0-4cc4-a7a0-dedeb059cc02}</UniqueIdentifier>
      <Extensions>h;hpp;hxx;hm;inl</Extensions>
    </Filter>
    <Filter Include="Shaders">
      <UniqueIdentifier>{56db2d0c-5cd4-4098-adf8-ac552c6295f0}</UniqueIdentifier>
    </Filter>
    <Filter Include="Shaders\Simple">
      <UniqueIdentifier>{5f9cfb02-4743-4449-b2c2-b824887df30f}</UniqueIdentifier>
    </Filter>
    <Filter Include="Shaders\Bump Specular">
      <UniqueIdentifier>{08315f22-f04f-41c1-bbbd-2a2f664b79aa}</UniqueIdentifier>
    </Filter>
    <Filter Include="Shaders\Bump Diffuse">
      <UniqueIdentifier>{c204f93c-549e-4a17-8f05-d06e50f3db22}</UniqueIdentifier>
    </Filter>
    <Filter Include="Shaders\Gloss Mask">
      <UniqueIdentifier>{1614ce2d-2f1f-4484-bd56-103c3d69fc00}</UniqueIdentifier>
    </Filter>
    <Filter Include="Shaders\Cube Map">
      <UniqueIdentifier>{2bbfa4a2-226e-4089-898f-4d9986b9dc3f}</UniqueIdentifier>
    </Filter>
    <Filter Include="Shaders\LegacyW3D">
      <UniqueIdentifier>{a715ce8e-23d8-4fc9-b1fe-15b3c69a694b}</UniqueIdentifier>
    </Filter>
  </ItemGroup>
  <ItemGroup>
    <ClCompile Include="shddef.cpp">
      <Filter>Source Files</Filter>
    </ClCompile>
    <ClCompile Include="shddeffactory.cpp">
      <Filter>Source Files</Filter>
    </ClCompile>
    <ClCompile Include="shddefmanager.cpp">
      <Filter>Source Files</Filter>
    </ClCompile>
    <ClCompile Include="shdforcelinks.cpp">
      <Filter>Source Files</Filter>
    </ClCompile>
    <ClCompile Include="shdhwshader.cpp">
      <Filter>Source Files</Filter>
    </ClCompile>
    <ClCompile Include="shdinterface.cpp">
      <Filter>Source Files</Filter>
    </ClCompile>
    <ClCompile Include="shdlib.cpp">
      <Filter>Source Files</Filter>
    </ClCompile>
    <ClCompile Include="shdloader.cpp">
      <Filter>Source Files</Filter>
    </ClCompile>
    <ClCompile Include="shdmesh.cpp">
      <Filter>Source Files</Filter>
    </ClCompile>
    <ClCompile Include="shdrenderer.cpp">
      <Filter>Source Files</Filter>
    </ClCompile>
    <ClCompile Include="shdsubmesh.cpp">
      <Filter>Source Files</Filter>
    </ClCompile>
    <ClCompile Include="shdsimple.cpp">
      <Filter>Shaders\Simple</Filter>
    </ClCompile>
    <ClCompile Include="shd6bumpspec.cpp">
      <Filter>Shaders\Bump Specular</Filter>
    </ClCompile>
    <ClCompile Include="shd7bumpspec.cpp">
      <Filter>Shaders\Bump Specular</Filter>
    </ClCompile>
    <ClCompile Include="shd8bumpspec.cpp">
      <Filter>Shaders\Bump Specular</Filter>
    </ClCompile>
    <ClCompile Include="shdbumpspec.cpp">
      <Filter>Shaders\Bump Specular</Filter>
    </ClCompile>
    <ClCompile Include="shd6bumpdiff.cpp">
      <Filter>Shaders\Bump Diffuse</Filter>
    </ClCompile>
    <ClCompile Include="shd7bumpdiff.cpp">
      <Filter>Shaders\Bump Diffuse</Filter>
    </ClCompile>
    <ClCompile Include="shd8bumpdiff.cpp">
      <Filter>Shaders\Bump Diffuse</Filter>
    </ClCompile>
    <ClCompile Include="shdbumpdiff.cpp">
      <Filter>Shaders\Bump Diffuse</Filter>
    </ClCompile>
    <ClCompile Include="shdglossmask.cpp">
      <Filter>Shaders\Gloss Mask</Filter>
    </ClCompile>
    <ClCompile Include="shdcubemap.cpp">
      <Filter>Shaders\Cube Map</Filter>
    </ClCompile>
    <ClCompile Include="shdlegacyw3d.cpp">
      <Filter>Shaders\LegacyW3D</Filter>
    </ClCompile>
  </ItemGroup>
  <ItemGroup>
    <ClInclude Include="shdclassids.h">
      <Filter>Header Files</Filter>
    </ClInclude>
    <ClInclude Include="shddef.h">
      <Filter>Header Files</Filter>
    </ClInclude>
    <ClInclude Include="shddeffactory.h">
      <Filter>Header Files</Filter>
    </ClInclude>
    <ClInclude Include="shddefmanager.h">
      <Filter>Header Files</Filter>
    </ClInclude>
    <ClInclude Include="shdforcelinks.h">
      <Filter>Header Files</Filter>
    </ClInclude>
    <ClInclude Include="shdhw_constants.h">
      <Filter>Header Files</Filter>
    </ClInclude>
    <ClInclude Include="shdhwshader.h">
      <Filter>Header Files</Filter>
    </ClInclude>
    <ClInclude Include="shdinterface.h">
      <Filter>Header Files</Filter>
    </ClInclude>
    <ClInclude Include="shdloader.h">
      <Filter>Header Files</Filter>
    </ClInclude>
    <ClInclude Include="shdmesh.h">
      <Filter>Header Files</Filter>
    </ClInclude>
    <ClInclude Include="shdrenderer.h">
      <Filter>Header Files</Filter>
    </ClInclude>
    <ClInclude Include="shdsubmesh.h">
      <Filter>Header Files</Filter>
    </ClInclude>
    <ClInclude Include="shdsimple.h">
      <Filter>Shaders\Simple</Filter>
    </ClInclude>
    <ClInclude Include="shd6bumpspec.h">
      <Filter>Shaders\Bump Specular</Filter>
    </ClInclude>
    <ClInclude Include="shd6bumpspec_constants.h">
      <Filter>Shaders\Bump Specular</Filter>
    </ClInclude>
    <ClInclude Include="shd7bumpspec.h">
      <Filter>Shaders\Bump Specular</Filter>
    </ClInclude>
    <ClInclude Include="shd7bumpspec_constants.h">
      <Filter>Shaders\Bump Specular</Filter>
    </ClInclude>
    <ClInclude Include="shd8bumpspec.h">
      <Filter>Shaders\Bump Specular</Filter>
    </ClInclude>
    <ClInclude Include="shd8bumpspec_constants.h">
      <Filter>Shaders\Bump Specular</Filter>
    </ClInclude>
    <ClInclude Include="shdbumpspec.h">
      <Filter>Shaders\Bump Specular</Filter>
    </ClInclude>
    <ClInclude Include="shd6bumpdiff.h">
      <Filter>Shaders\Bump Diffuse</Filter>
    </ClInclude>
    <ClInclude Include="shd6bumpdiff_constants.h">
      <Filter>Shaders\Bump Diffuse</Filter>
    </ClInclude>
    <ClInclude Include="shd7bumpdiff.h">
      <Filter>Shaders\Bump Diffuse</Filter>
    </ClInclude>
    <ClInclude Include="shd7bumpdiff_constants.h">
      <Filter>Shaders\Bump Diffuse</Filter>
    </ClInclude>
    <ClInclude Include="shd8bumpdiff.h">
      <Filter>Shaders\Bump Diffuse</Filter>
    </ClInclude>
    <ClInclude Include="shd8bumpdiff_constants.h">
      <Filter>Shaders\Bump Diffuse</Filter>
    </ClInclude>
    <ClInclude Include="shdbumpdiff.h">
      <Filter>Shaders\Bump Diffuse</Filter>
    </ClInclude>
    <ClInclude Include="shdglossmask.h">
      <Filter>Shaders\Gloss Mask</Filter>
    </ClInclude>
    <ClInclude Include="shdcubemap.h">
      <Filter>Shaders\Cube Map</Filter>
    </ClInclude>
    <ClInclude Include="shdlegacyw3d.h">
      <Filter>Shaders\LegacyW3D</Filter>
    </ClInclude>
  </ItemGroup>
  <ItemGroup>
    <CustomBuild Include="shd6bumpspec.vsh">
      <Filter>Shaders\Bump Specular</Filter>
    </CustomBuild>
    <CustomBuild Include="shd7bumpspecpass0.vsh">
      <Filter>Shaders\Bump Specular</Filter>
    </CustomBuild>
    <CustomBuild Include="shd7bumpspecpass1.vsh">
      <Filter>Shaders\Bump Specular</Filter>
    </CustomBuild>
    <CustomBuild Include="shd8bumpspec.psh">
      <Filter>Shaders\Bump Specular</Filter>
    </CustomBuild>
    <CustomBuild Include="shd8bumpspec.vsh">
      <Filter>Shaders\Bump Specular</Filter>
    </CustomBuild>
    <CustomBuild Include="shd8ssbumpspec.psh">
      <Filter>Shaders\Bump Specular</Filter>
    </CustomBuild>
    <CustomBuild Include="shd8ssbumpspec.vsh">
      <Filter>Shaders\Bump Specular</Filter>
    </CustomBuild>
    <CustomBuild Include="shd6bumpdiff.vsh">
      <Filter>Shaders\Bump Diffuse</Filter>
    </CustomBuild>
    <CustomBuild Include="shd7bumpdiffpass0.vsh">
      <Filter>Shaders\Bump Diffuse</Filter>
    </CustomBuild>
    <CustomBuild Include="shd7bumpdiffpass1.vsh">
      <Filter>Shaders\Bump Diffuse</Filter>
    </CustomBuild>
    <CustomBuild Include="shd8bumpdiff.psh">
      <Filter>Shaders\Bump Diffuse</Filter>
    </CustomBuild>
    <CustomBuild Include="shd8bumpdiff.vsh">
      <Filter>Shaders\Bump Diffuse</Filter>
    </CustomBuild>
    <CustomBuild Include="shd8ssbumpdiff.psh">
      <Filter>Shaders\Bump Diffuse</Filter>
    </CustomBuild>
    <CustomBuild Include="shd8ssbumpdiff.vsh">
      <Filter>Shaders\Bump Diffuse</Filter>
    </CustomBuild>
  </ItemGroup>
</Project>