<?xml version="1.0" encoding="utf-8"?>
<Project ToolsVersion="4.0" xmlns="http://schemas.microsoft.com/developer/msbuild/2003">
  <ItemGroup>
    <Filter Include="Source Files">
      <UniqueIdentifier>{f382c016-f4ce-4a60-b361-badd0492e64f}</UniqueIdentifier>
      <Extensions>cpp;c;cxx;rc;def;r;odl;idl;hpj;bat</Extensions>
    </Filter>
    <Filter Include="Header Files">
      <UniqueIdentifier>{bdc6e184-ffbf-481b-9277-1e4a6688deb4}</UniqueIdentifier>
      <Extensions>h;hpp;hxx;hm;inl</Extensions>
    </Filter>
  </ItemGroup>
  <ItemGroup>
    <ClCompile Include="emfloat.c">
      <Filter>Source Files</Filter>
    </ClCompile>
    <ClCompile Include="misc.c">
      <Filter>Source Files</Filter>
    </ClCompile>
    <ClCompile Include="nbench0.c">
      <Filter>Source Files</Filter>
    </ClCompile>
    <ClCompile Include="nbench1.c">
      <Filter>Source Files</Filter>
    </ClCompile>
    <ClCompile Include="sysspec.c">
      <Filter>Source Files</Filter>
    </ClCompile>
  </ItemGroup>
  <ItemGroup>
    <ClInclude Include="benchmark.h">
      <Filter>Header Files</Filter>
    </ClInclude>
    <ClInclude Include="emfloat.h">
      <Filter>Header Files</Filter>
    </ClInclude>
    <ClInclude Include="misc.h">
      <Filter>Header Files</Filter>
    </ClInclude>
    <ClInclude Include="nbench0.h">
      <Filter>Header Files</Filter>
    </ClInclude>
    <ClInclude Include="nbench1.h">
      <Filter>Header Files</Filter>
    </ClInclude>
    <ClInclude Include="nmglobal.h">
      <Filter>Header Files</Filter>
    </ClInclude>
    <ClInclude Include="sysspec.h">
      <Filter>Header Files</Filter>
    </ClInclude>
    <ClInclude Include="wordcat.h">
      <Filter>Header Files</Filter>
    </ClInclude>
  </ItemGroup>
</Project>