<?xml version="1.0" encoding="utf-8"?>
<Project ToolsVersion="4.0" xmlns="http://schemas.microsoft.com/developer/msbuild/2003">
  <ItemGroup>
    <Filter Include="Source Files">
      <UniqueIdentifier>{cc64d07e-3c5d-41ac-b985-ccc13717a0eb}</UniqueIdentifier>
      <Extensions>cpp;c;cxx;rc;def;r;odl;idl;hpj;bat</Extensions>
    </Filter>
    <Filter Include="Header Files">
      <UniqueIdentifier>{3b41c223-2509-4059-a765-34644e85d32d}</UniqueIdentifier>
      <Extensions>h;hpp;hxx;hm;inl</Extensions>
    </Filter>
    <Filter Include="Resource Files">
      <UniqueIdentifier>{b81f9509-56c8-4ae2-8f99-a683b42a88f4}</UniqueIdentifier>
      <Extensions>ico;cur;bmp;dlg;rc2;rct;bin;rgs;gif;jpg;jpeg;jpe</Extensions>
    </Filter>
  </ItemGroup>
  <ItemGroup>
    <ClCompile Include="CButtonShowColor.cpp">
      <Filter>Source Files</Filter>
    </ClCompile>
    <ClCompile Include="CColorAlphaDialog.cpp">
      <Filter>Source Files</Filter>
    </ClCompile>
    <ClCompile Include="CSwitchesDialog.cpp">
      <Filter>Source Files</Filter>
    </ClCompile>
    <ClCompile Include="EmissionTypePanels.cpp">
      <Filter>Source Files</Filter>
    </ClCompile>
    <ClCompile Include="MoreParmsDialog.cpp">
      <Filter>Source Files</Filter>
    </ClCompile>
    <ClCompile Include="ParticleEditor.cpp">
      <Filter>Source Files</Filter>
    </ClCompile>
    <ClCompile Include="ParticleEditorDialog.cpp">
      <Filter>Source Files</Filter>
    </ClCompile>
    <ClCompile Include="ParticleTypePanels.cpp">
      <Filter>Source Files</Filter>
    </ClCompile>
    <ClCompile Include="ShaderTypePanels.cpp">
      <Filter>Source Files</Filter>
    </ClCompile>
    <ClCompile Include="StdAfx.cpp">
      <Filter>Source Files</Filter>
    </ClCompile>
    <ClCompile Include="VelocityTypePanels.cpp">
      <Filter>Source Files</Filter>
    </ClCompile>
  </ItemGroup>
  <ItemGroup>
    <ResourceCompile Include="ParticleEditor.rc">
      <Filter>Source Files</Filter>
    </ResourceCompile>
  </ItemGroup>
  <ItemGroup>
    <ClInclude Include="CButtonShowColor.h">
      <Filter>Header Files</Filter>
    </ClInclude>
    <ClInclude Include="CColorAlphaDialog.h">
      <Filter>Header Files</Filter>
    </ClInclude>
    <ClInclude Include="CSwitchesDialog.h">
      <Filter>Header Files</Filter>
    </ClInclude>
    <ClInclude Include="EmissionTypePanels.h">
      <Filter>Header Files</Filter>
    </ClInclude>
    <ClInclude Include="ISwapablePanel.h">
      <Filter>Header Files</Filter>
    </ClInclude>
    <ClInclude Include="MoreParmsDialog.h">
      <Filter>Header Files</Filter>
    </ClInclude>
    <ClInclude Include="ParticleEditor.h">
      <Filter>Header Files</Filter>
    </ClInclude>
    <ClInclude Include="ParticleEditorDialog.h">
      <Filter>Header Files</Filter>
    </ClInclude>
    <ClInclude Include="ParticleEditorExport.h">
      <Filter>Header Files</Filter>
    </ClInclude>
    <ClInclude Include="ParticleTypePanels.h">
      <Filter>Header Files</Filter>
    </ClInclude>
    <ClInclude Include="Resource.h">
      <Filter>Header Files</Filter>
    </ClInclude>
    <ClInclude Include="ShaderTypePanels.h">
      <Filter>Header Files</Filter>
    </ClInclude>
    <ClInclude Include="StdAfx.h">
      <Filter>Header Files</Filter>
    </ClInclude>
    <ClInclude Include="VelocityTypePanels.h">
      <Filter>Header Files</Filter>
    </ClInclude>
  </ItemGroup>
  <ItemGroup>
    <CustomBuild Include="ParticleEditor.def">
      <Filter>Source Files</Filter>
    </CustomBuild>
    <CustomBuild Include="res\ParticleEditor.rc2">
      <Filter>Resource Files</Filter>
    </CustomBuild>
  </ItemGroup>
</Project>